// !$*UTF8*$!
{
	archiveVersion = 1;
	classes = {
	};
	objectVersion = 46;
	objects = {

/* Begin PBXBuildFile section */
		C0880BD81A983291009DE3B3 /* main.m in Sources */ = {isa = PBXBuildFile; fileRef = C0880BD71A983291009DE3B3 /* main.m */; };
		C0880BDB1A983292009DE3B3 /* AppDelegate.m in Sources */ = {isa = PBXBuildFile; fileRef = C0880BDA1A983292009DE3B3 /* AppDelegate.m */; };
		C0880BDE1A983292009DE3B3 /* ViewController.m in Sources */ = {isa = PBXBuildFile; fileRef = C0880BDD1A983292009DE3B3 /* ViewController.m */; };
		C0880BE11A983292009DE3B3 /* Main.storyboard in Resources */ = {isa = PBXBuildFile; fileRef = C0880BDF1A983292009DE3B3 /* Main.storyboard */; };
		C0880BE31A983292009DE3B3 /* Images.xcassets in Resources */ = {isa = PBXBuildFile; fileRef = C0880BE21A983292009DE3B3 /* Images.xcassets */; };
		C0880BE61A983292009DE3B3 /* LaunchScreen.xib in Resources */ = {isa = PBXBuildFile; fileRef = C0880BE41A983292009DE3B3 /* LaunchScreen.xib */; };
		C0880BF21A983292009DE3B3 /* DrawSampleTests.m in Sources */ = {isa = PBXBuildFile; fileRef = C0880BF11A983292009DE3B3 /* DrawSampleTests.m */; };
/* End PBXBuildFile section */

/* Begin PBXContainerItemProxy section */
		C0880BEC1A983292009DE3B3 /* PBXContainerItemProxy */ = {
			isa = PBXContainerItemProxy;
			containerPortal = C0880BCA1A983291009DE3B3 /* Project object */;
			proxyType = 1;
			remoteGlobalIDString = C0880BD11A983291009DE3B3;
			remoteInfo = DrawSample;
		};
/* End PBXContainerItemProxy section */

/* Begin PBXFileReference section */
		C0880BD21A983291009DE3B3 /* DrawSample.app */ = {isa = PBXFileReference; explicitFileType = wrapper.application; includeInIndex = 0; path = DrawSample.app; sourceTree = BUILT_PRODUCTS_DIR; };
		C0880BD61A983291009DE3B3 /* Info.plist */ = {isa = PBXFileReference; lastKnownFileType = text.plist.xml; path = Info.plist; sourceTree = "<group>"; };
		C0880BD71A983291009DE3B3 /* main.m */ = {isa = PBXFileReference; lastKnownFileType = sourcecode.c.objc; path = main.m; sourceTree = "<group>"; };
		C0880BD91A983292009DE3B3 /* AppDelegate.h */ = {isa = PBXFileReference; lastKnownFileType = sourcecode.c.h; path = AppDelegate.h; sourceTree = "<group>"; };
		C0880BDA1A983292009DE3B3 /* AppDelegate.m */ = {isa = PBXFileReference; lastKnownFileType = sourcecode.c.objc; path = AppDelegate.m; sourceTree = "<group>"; };
		C0880BDC1A983292009DE3B3 /* ViewController.h */ = {isa = PBXFileReference; lastKnownFileType = sourcecode.c.h; path = ViewController.h; sourceTree = "<group>"; };
		C0880BDD1A983292009DE3B3 /* ViewController.m */ = {isa = PBXFileReference; lastKnownFileType = sourcecode.c.objc; path = ViewController.m; sourceTree = "<group>"; };
		C0880BE01A983292009DE3B3 /* Base */ = {isa = PBXFileReference; lastKnownFileType = file.storyboard; name = Base; path = Base.lproj/Main.storyboard; sourceTree = "<group>"; };
		C0880BE21A983292009DE3B3 /* Images.xcassets */ = {isa = PBXFileReference; lastKnownFileType = folder.assetcatalog; path = Images.xcassets; sourceTree = "<group>"; };
		C0880BE51A983292009DE3B3 /* Base */ = {isa = PBXFileReference; lastKnownFileType = file.xib; name = Base; path = Base.lproj/LaunchScreen.xib; sourceTree = "<group>"; };
		C0880BEB1A983292009DE3B3 /* DrawSampleTests.xctest */ = {isa = PBXFileReference; explicitFileType = wrapper.cfbundle; includeInIndex = 0; path = DrawSampleTests.xctest; sourceTree = BUILT_PRODUCTS_DIR; };
		C0880BF01A983292009DE3B3 /* Info.plist */ = {isa = PBXFileReference; lastKnownFileType = text.plist.xml; path = Info.plist; sourceTree = "<group>"; };
		C0880BF11A983292009DE3B3 /* DrawSampleTests.m */ = {isa = PBXFileReference; lastKnownFileType = sourcecode.c.objc; path = DrawSampleTests.m; sourceTree = "<group>"; };
/* End PBXFileReference section */

/* Begin PBXFrameworksBuildPhase section */
		C0880BCF1A983291009DE3B3 /* Frameworks */ = {
			isa = PBXFrameworksBuildPhase;
			buildActionMask = 2147483647;
			files = (
			);
			runOnlyForDeploymentPostprocessing = 0;
		};
		C0880BE81A983292009DE3B3 /* Frameworks */ = {
			isa = PBXFrameworksBuildPhase;
			buildActionMask = 2147483647;
			files = (
			);
			runOnlyForDeploymentPostprocessing = 0;
		};
/* End PBXFrameworksBuildPhase section */

/* Begin PBXGroup section */
		C0880BC91A983291009DE3B3 = {
			isa = PBXGroup;
			children = (
				C0880BD41A983291009DE3B3 /* DrawSample */,
				C0880BEE1A983292009DE3B3 /* DrawSampleTests */,
				C0880BD31A983291009DE3B3 /* Products */,
			);
			sourceTree = "<group>";
		};
		C0880BD31A983291009DE3B3 /* Products */ = {
			isa = PBXGroup;
			children = (
				C0880BD21A983291009DE3B3 /* DrawSample.app */,
				C0880BEB1A983292009DE3B3 /* DrawSampleTests.xctest */,
			);
			name = Products;
			sourceTree = "<group>";
		};
		C0880BD41A983291009DE3B3 /* DrawSample */ = {
			isa = PBXGroup;
			children = (
				C0880BD91A983292009DE3B3 /* AppDelegate.h */,
				C0880BDA1A983292009DE3B3 /* AppDelegate.m */,
				C0880BDC1A983292009DE3B3 /* ViewController.h */,
				C0880BDD1A983292009DE3B3 /* ViewController.m */,
				C0880BDF1A983292009DE3B3 /* Main.storyboard */,
				C0880BE21A983292009DE3B3 /* Images.xcassets */,
				C0880BE41A983292009DE3B3 /* LaunchScreen.xib */,
				C0880BD51A983291009DE3B3 /* Supporting Files */,
			);
			path = DrawSample;
			sourceTree = "<group>";
		};
		C0880BD51A983291009DE3B3 /* Supporting Files */ = {
			isa = PBXGroup;
			children = (
				C0880BD61A983291009DE3B3 /* Info.plist */,
				C0880BD71A983291009DE3B3 /* main.m */,
			);
			name = "Supporting Files";
			sourceTree = "<group>";
		};
		C0880BEE1A983292009DE3B3 /* DrawSampleTests */ = {
			isa = PBXGroup;
			children = (
				C0880BF11A983292009DE3B3 /* DrawSampleTests.m */,
				C0880BEF1A983292009DE3B3 /* Supporting Files */,
			);
			path = DrawSampleTests;
			sourceTree = "<group>";
		};
		C0880BEF1A983292009DE3B3 /* Supporting Files */ = {
			isa = PBXGroup;
			children = (
				C0880BF01A983292009DE3B3 /* Info.plist */,
			);
			name = "Supporting Files";
			sourceTree = "<group>";
		};
/* End PBXGroup section */

/* Begin PBXNativeTarget section */
		C0880BD11A983291009DE3B3 /* DrawSample */ = {
			isa = PBXNativeTarget;
			buildConfigurationList = C0880BF51A983292009DE3B3 /* Build configuration list for PBXNativeTarget "DrawSample" */;
			buildPhases = (
				C0880BCE1A983291009DE3B3 /* Sources */,
				C0880BCF1A983291009DE3B3 /* Frameworks */,
				C0880BD01A983291009DE3B3 /* Resources */,
			);
			buildRules = (
			);
			dependencies = (
			);
			name = DrawSample;
			productName = DrawSample;
			productReference = C0880BD21A983291009DE3B3 /* DrawSample.app */;
			productType = "com.apple.product-type.application";
		};
		C0880BEA1A983292009DE3B3 /* DrawSampleTests */ = {
			isa = PBXNativeTarget;
			buildConfigurationList = C0880BF81A983292009DE3B3 /* Build configuration list for PBXNativeTarget "DrawSampleTests" */;
			buildPhases = (
				C0880BE71A983292009DE3B3 /* Sources */,
				C0880BE81A983292009DE3B3 /* Frameworks */,
				C0880BE91A983292009DE3B3 /* Resources */,
			);
			buildRules = (
			);
			dependencies = (
				C0880BED1A983292009DE3B3 /* PBXTargetDependency */,
			);
			name = DrawSampleTests;
			productName = DrawSampleTests;
			productReference = C0880BEB1A983292009DE3B3 /* DrawSampleTests.xctest */;
			productType = "com.apple.product-type.bundle.unit-test";
		};
/* End PBXNativeTarget section */

/* Begin PBXProject section */
		C0880BCA1A983291009DE3B3 /* Project object */ = {
			isa = PBXProject;
			attributes = {
				LastUpgradeCheck = 0610;
				ORGANIZATIONNAME = eu;
				TargetAttributes = {
					C0880BD11A983291009DE3B3 = {
						CreatedOnToolsVersion = 6.1.1;
					};
					C0880BEA1A983292009DE3B3 = {
						CreatedOnToolsVersion = 6.1.1;
						TestTargetID = C0880BD11A983291009DE3B3;
					};
				};
			};
			buildConfigurationList = C0880BCD1A983291009DE3B3 /* Build configuration list for PBXProject "DrawSample" */;
			compatibilityVersion = "Xcode 3.2";
			developmentRegion = English;
			hasScannedForEncodings = 0;
			knownRegions = (
				en,
				Base,
			);
			mainGroup = C0880BC91A983291009DE3B3;
			productRefGroup = C0880BD31A983291009DE3B3 /* Products */;
			projectDirPath = "";
			projectRoot = "";
			targets = (
				C0880BD11A983291009DE3B3 /* DrawSample */,
				C0880BEA1A983292009DE3B3 /* DrawSampleTests */,
			);
		};
/* End PBXProject section */

/* Begin PBXResourcesBuildPhase section */
		C0880BD01A983291009DE3B3 /* Resources */ = {
			isa = PBXResourcesBuildPhase;
			buildActionMask = 2147483647;
			files = (
				C0880BE11A983292009DE3B3 /* Main.storyboard in Resources */,
				C0880BE61A983292009DE3B3 /* LaunchScreen.xib in Resources */,
				C0880BE31A983292009DE3B3 /* Images.xcassets in Resources */,
			);
			runOnlyForDeploymentPostprocessing = 0;
		};
		C0880BE91A983292009DE3B3 /* Resources */ = {
			isa = PBXResourcesBuildPhase;
			buildActionMask = 2147483647;
			files = (
			);
			runOnlyForDeploymentPostprocessing = 0;
		};
/* End PBXResourcesBuildPhase section */

/* Begin PBXSourcesBuildPhase section */
		C0880BCE1A983291009DE3B3 /* Sources */ = {
			isa = PBXSourcesBuildPhase;
			buildActionMask = 2147483647;
			files = (
				C0880BDE1A983292009DE3B3 /* ViewController.m in Sources */,
				C0880BDB1A983292009DE3B3 /* AppDelegate.m in Sources */,
				C0880BD81A983291009DE3B3 /* main.m in Sources */,
			);
			runOnlyForDeploymentPostprocessing = 0;
		};
		C0880BE71A983292009DE3B3 /* Sources */ = {
			isa = PBXSourcesBuildPhase;
			buildActionMask = 2147483647;
			files = (
				C0880BF21A983292009DE3B3 /* DrawSampleTests.m in Sources */,
			);
			runOnlyForDeploymentPostprocessing = 0;
		};
/* End PBXSourcesBuildPhase section */

/* Begin PBXTargetDependency section */
		C0880BED1A983292009DE3B3 /* PBXTargetDependency */ = {
			isa = PBXTargetDependency;
			target = C0880BD11A983291009DE3B3 /* DrawSample */;
			targetProxy = C0880BEC1A983292009DE3B3 /* PBXContainerItemProxy */;
		};
/* End PBXTargetDependency section */

/* Begin PBXVariantGroup section */
		C0880BDF1A983292009DE3B3 /* Main.storyboard */ = {
			isa = PBXVariantGroup;
			children = (
				C0880BE01A983292009DE3B3 /* Base */,
			);
			name = Main.storyboard;
			sourceTree = "<group>";
		};
		C0880BE41A983292009DE3B3 /* LaunchScreen.xib */ = {
			isa = PBXVariantGroup;
			children = (
				C0880BE51A983292009DE3B3 /* Base */,
			);
			name = LaunchScreen.xib;
			sourceTree = "<group>";
		};
/* End PBXVariantGroup section */

/* Begin XCBuildConfiguration section */
		C0880BF31A983292009DE3B3 /* Debug */ = {
			isa = XCBuildConfiguration;
			buildSettings = {
				ALWAYS_SEARCH_USER_PATHS = NO;
				CLANG_CXX_LANGUAGE_STANDARD = "gnu++0x";
				CLANG_CXX_LIBRARY = "libc++";
				CLANG_ENABLE_MODULES = YES;
				CLANG_ENABLE_OBJC_ARC = YES;
				CLANG_WARN_BOOL_CONVERSION = YES;
				CLANG_WARN_CONSTANT_CONVERSION = YES;
				CLANG_WARN_DIRECT_OBJC_ISA_USAGE = YES_ERROR;
				CLANG_WARN_EMPTY_BODY = YES;
				CLANG_WARN_ENUM_CONVERSION = YES;
				CLANG_WARN_INT_CONVERSION = YES;
				CLANG_WARN_OBJC_ROOT_CLASS = YES_ERROR;
				CLANG_WARN_UNREACHABLE_CODE = YES;
				CLANG_WARN__DUPLICATE_METHOD_MATCH = YES;
				"CODE_SIGN_IDENTITY[sdk=iphoneos*]" = "iPhone Developer";
				COPY_PHASE_STRIP = NO;
				ENABLE_STRICT_OBJC_MSGSEND = YES;
				GCC_C_LANGUAGE_STANDARD = gnu99;
				GCC_DYNAMIC_NO_PIC = NO;
				GCC_OPTIMIZATION_LEVEL = 0;
				GCC_PREPROCESSOR_DEFINITIONS = (
					"DEBUG=1",
					"$(inherited)",
				);
				GCC_SYMBOLS_PRIVATE_EXTERN = NO;
				GCC_WARN_64_TO_32_BIT_CONVERSION = YES;
				GCC_WARN_ABOUT_RETURN_TYPE = YES_ERROR;
				GCC_WARN_UNDECLARED_SELECTOR = YES;
				GCC_WARN_UNINITIALIZED_AUTOS = YES_AGGRESSIVE;
				GCC_WARN_UNUSED_FUNCTION = YES;
				GCC_WARN_UNUSED_VARIABLE = YES;
				IPHONEOS_DEPLOYMENT_TARGET = 8.1;
				MTL_ENABLE_DEBUG_INFO = YES;
				ONLY_ACTIVE_ARCH = YES;
				SDKROOT = iphoneos;
				TARGETED_DEVICE_FAMILY = "1,2";
			};
			name = Debug;
		};
		C0880BF41A983292009DE3B3 /* Release */ = {
			isa = XCBuildConfiguration;
			buildSettings = {
				ALWAYS_SEARCH_USER_PATHS = NO;
				CLANG_CXX_LANGUAGE_STANDARD = "gnu++0x";
				CLANG_CXX_LIBRARY = "libc++";
				CLANG_ENABLE_MODULES = YES;
				CLANG_ENABLE_OBJC_ARC = YES;
				CLANG_WARN_BOOL_CONVERSION = YES;
				CLANG_WARN_CONSTANT_CONVERSION = YES;
				CLANG_WARN_DIRECT_OBJC_ISA_USAGE = YES_ERROR;
				CLANG_WARN_EMPTY_BODY = YES;
				CLANG_WARN_ENUM_CONVERSION = YES;
				CLANG_WARN_INT_CONVERSION = YES;
				CLANG_WARN_OBJC_ROOT_CLASS = YES_ERROR;
				CLANG_WARN_UNREACHABLE_CODE = YES;
				CLANG_WARN__DUPLICATE_METHOD_MATCH = YES;
				"CODE_SIGN_IDENTITY[sdk=iphoneos*]" = "iPhone Developer";
				COPY_PHASE_STRIP = YES;
				ENABLE_NS_ASSERTIONS = NO;
				ENABLE_STRICT_OBJC_MSGSEND = YES;
				GCC_C_LANGUAGE_STANDARD = gnu99;
				GCC_WARN_64_TO_32_BIT_CONVERSION = YES;
				GCC_WARN_ABOUT_RETURN_TYPE = YES_ERROR;
				GCC_WARN_UNDECLARED_SELECTOR = YES;
				GCC_WARN_UNINITIALIZED_AUTOS = YES_AGGRESSIVE;
				GCC_WARN_UNUSED_FUNCTION = YES;
				GCC_WARN_UNUSED_VARIABLE = YES;
				IPHONEOS_DEPLOYMENT_TARGET = 8.1;
				MTL_ENABLE_DEBUG_INFO = NO;
				SDKROOT = iphoneos;
				TARGETED_DEVICE_FAMILY = "1,2";
				VALIDATE_PRODUCT = YES;
			};
			name = Release;
		};
		C0880BF61A983292009DE3B3 /* Debug */ = {
			isa = XCBuildConfiguration;
			buildSettings = {
				ASSETCATALOG_COMPILER_APPICON_NAME = AppIcon;
				INFOPLIST_FILE = DrawSample/Info.plist;
				LD_RUNPATH_SEARCH_PATHS = "$(inherited) @executable_path/Frameworks";
				PRODUCT_NAME = "$(TARGET_NAME)";
			};
			name = Debug;
		};
		C0880BF71A983292009DE3B3 /* Release */ = {
			isa = XCBuildConfiguration;
			buildSettings = {
				ASSETCATALOG_COMPILER_APPICON_NAME = AppIcon;
				INFOPLIST_FILE = DrawSample/Info.plist;
				LD_RUNPATH_SEARCH_PATHS = "$(inherited) @executable_path/Frameworks";
				PRODUCT_NAME = "$(TARGET_NAME)";
			};
			name = Release;
		};
		C0880BF91A983292009DE3B3 /* Debug */ = {
			isa = XCBuildConfiguration;
			buildSettings = {
				BUNDLE_LOADER = "$(TEST_HOST)";
				FRAMEWORK_SEARCH_PATHS = (
					"$(SDKROOT)/Developer/Library/Frameworks",
					"$(inherited)",
				);
				GCC_PREPROCESSOR_DEFINITIONS = (
					"DEBUG=1",
					"$(inherited)",
				);
				INFOPLIST_FILE = DrawSampleTests/Info.plist;
				LD_RUNPATH_SEARCH_PATHS = "$(inherited) @executable_path/Frameworks @loader_path/Frameworks";
				PRODUCT_NAME = "$(TARGET_NAME)";
				TEST_HOST = "$(BUILT_PRODUCTS_DIR)/DrawSample.app/DrawSample";
			};
			name = Debug;
		};
		C0880BFA1A983292009DE3B3 /* Release */ = {
			isa = XCBuildConfiguration;
			buildSettings = {
				BUNDLE_LOADER = "$(TEST_HOST)";
				FRAMEWORK_SEARCH_PATHS = (
					"$(SDKROOT)/Developer/Library/Frameworks",
					"$(inherited)",
				);
				INFOPLIST_FILE = DrawSampleTests/Info.plist;
				LD_RUNPATH_SEARCH_PATHS = "$(inherited) @executable_path/Frameworks @loader_path/Frameworks";
				PRODUCT_NAME = "$(TARGET_NAME)";
				TEST_HOST = "$(BUILT_PRODUCTS_DIR)/DrawSample.app/DrawSample";
			};
			name = Release;
		};
/* End XCBuildConfiguration section */

/* Begin XCConfigurationList section */
		C0880BCD1A983291009DE3B3 /* Build configuration list for PBXProject "DrawSample" */ = {
			isa = XCConfigurationList;
			buildConfigurations = (
				C0880BF31A983292009DE3B3 /* Debug */,
				C0880BF41A983292009DE3B3 /* Release */,
			);
			defaultConfigurationIsVisible = 0;
			defaultConfigurationName = Release;
		};
		C0880BF51A983292009DE3B3 /* Build configuration list for PBXNativeTarget "DrawSample" */ = {
			isa = XCConfigurationList;
			buildConfigurations = (
				C0880BF61A983292009DE3B3 /* Debug */,
				C0880BF71A983292009DE3B3 /* Release */,
			);
			defaultConfigurationIsVisible = 0;
		};
		C0880BF81A983292009DE3B3 /* Build configuration list for PBXNativeTarget "DrawSampleTests" */ = {
			isa = XCConfigurationList;
			buildConfigurations = (
				C0880BF91A983292009DE3B3 /* Debug */,
				C0880BFA1A983292009DE3B3 /* Release */,
			);
			defaultConfigurationIsVisible = 0;
		};
/* End XCConfigurationList section */
	};
	rootObject = C0880BCA1A983291009DE3B3 /* Project object */;
}
