// !$*UTF8*$!
{
	archiveVersion = 1;
	classes = {
	};
	objectVersion = 46;
	objects = {

/* Begin PBXBuildFile section */
		C00522DB1A94160E00FF77FF /* main.m in Sources */ = {isa = PBXBuildFile; fileRef = C00522DA1A94160E00FF77FF /* main.m */; };
		C00522DE1A94160E00FF77FF /* AppDelegate.m in Sources */ = {isa = PBXBuildFile; fileRef = C00522DD1A94160E00FF77FF /* AppDelegate.m */; };
		C00522E11A94160E00FF77FF /* ViewController.m in Sources */ = {isa = PBXBuildFile; fileRef = C00522E01A94160E00FF77FF /* ViewController.m */; };
		C00522E41A94160E00FF77FF /* Main.storyboard in Resources */ = {isa = PBXBuildFile; fileRef = C00522E21A94160E00FF77FF /* Main.storyboard */; };
		C00522E61A94160E00FF77FF /* Images.xcassets in Resources */ = {isa = PBXBuildFile; fileRef = C00522E51A94160E00FF77FF /* Images.xcassets */; };
		C00522E91A94160E00FF77FF /* LaunchScreen.xib in Resources */ = {isa = PBXBuildFile; fileRef = C00522E71A94160E00FF77FF /* LaunchScreen.xib */; };
		C00522F51A94160E00FF77FF /* NewWindowTests.m in Sources */ = {isa = PBXBuildFile; fileRef = C00522F41A94160E00FF77FF /* NewWindowTests.m */; };
		C08C966B1A971EF9004F39E0 /* NextViewController.m in Sources */ = {isa = PBXBuildFile; fileRef = C08C966A1A971EF9004F39E0 /* NextViewController.m */; };
/* End PBXBuildFile section */

/* Begin PBXContainerItemProxy section */
		C00522EF1A94160E00FF77FF /* PBXContainerItemProxy */ = {
			isa = PBXContainerItemProxy;
			containerPortal = C00522CD1A94160E00FF77FF /* Project object */;
			proxyType = 1;
			remoteGlobalIDString = C00522D41A94160E00FF77FF;
			remoteInfo = NewWindow;
		};
/* End PBXContainerItemProxy section */

/* Begin PBXFileReference section */
		C00522D51A94160E00FF77FF /* NewWindow.app */ = {isa = PBXFileReference; explicitFileType = wrapper.application; includeInIndex = 0; path = NewWindow.app; sourceTree = BUILT_PRODUCTS_DIR; };
		C00522D91A94160E00FF77FF /* Info.plist */ = {isa = PBXFileReference; lastKnownFileType = text.plist.xml; path = Info.plist; sourceTree = "<group>"; };
		C00522DA1A94160E00FF77FF /* main.m */ = {isa = PBXFileReference; lastKnownFileType = sourcecode.c.objc; path = main.m; sourceTree = "<group>"; };
		C00522DC1A94160E00FF77FF /* AppDelegate.h */ = {isa = PBXFileReference; lastKnownFileType = sourcecode.c.h; path = AppDelegate.h; sourceTree = "<group>"; };
		C00522DD1A94160E00FF77FF /* AppDelegate.m */ = {isa = PBXFileReference; lastKnownFileType = sourcecode.c.objc; path = AppDelegate.m; sourceTree = "<group>"; };
		C00522DF1A94160E00FF77FF /* ViewController.h */ = {isa = PBXFileReference; lastKnownFileType = sourcecode.c.h; path = ViewController.h; sourceTree = "<group>"; };
		C00522E01A94160E00FF77FF /* ViewController.m */ = {isa = PBXFileReference; lastKnownFileType = sourcecode.c.objc; path = ViewController.m; sourceTree = "<group>"; };
		C00522E31A94160E00FF77FF /* Base */ = {isa = PBXFileReference; lastKnownFileType = file.storyboard; name = Base; path = Base.lproj/Main.storyboard; sourceTree = "<group>"; };
		C00522E51A94160E00FF77FF /* Images.xcassets */ = {isa = PBXFileReference; lastKnownFileType = folder.assetcatalog; path = Images.xcassets; sourceTree = "<group>"; };
		C00522E81A94160E00FF77FF /* Base */ = {isa = PBXFileReference; lastKnownFileType = file.xib; name = Base; path = Base.lproj/LaunchScreen.xib; sourceTree = "<group>"; };
		C00522EE1A94160E00FF77FF /* NewWindowTests.xctest */ = {isa = PBXFileReference; explicitFileType = wrapper.cfbundle; includeInIndex = 0; path = NewWindowTests.xctest; sourceTree = BUILT_PRODUCTS_DIR; };
		C00522F31A94160E00FF77FF /* Info.plist */ = {isa = PBXFileReference; lastKnownFileType = text.plist.xml; path = Info.plist; sourceTree = "<group>"; };
		C00522F41A94160E00FF77FF /* NewWindowTests.m */ = {isa = PBXFileReference; lastKnownFileType = sourcecode.c.objc; path = NewWindowTests.m; sourceTree = "<group>"; };
		C08C96691A971EF9004F39E0 /* NextViewController.h */ = {isa = PBXFileReference; fileEncoding = 4; lastKnownFileType = sourcecode.c.h; path = NextViewController.h; sourceTree = "<group>"; };
		C08C966A1A971EF9004F39E0 /* NextViewController.m */ = {isa = PBXFileReference; fileEncoding = 4; lastKnownFileType = sourcecode.c.objc; path = NextViewController.m; sourceTree = "<group>"; };
/* End PBXFileReference section */

/* Begin PBXFrameworksBuildPhase section */
		C00522D21A94160E00FF77FF /* Frameworks */ = {
			isa = PBXFrameworksBuildPhase;
			buildActionMask = 2147483647;
			files = (
			);
			runOnlyForDeploymentPostprocessing = 0;
		};
		C00522EB1A94160E00FF77FF /* Frameworks */ = {
			isa = PBXFrameworksBuildPhase;
			buildActionMask = 2147483647;
			files = (
			);
			runOnlyForDeploymentPostprocessing = 0;
		};
/* End PBXFrameworksBuildPhase section */

/* Begin PBXGroup section */
		C00522CC1A94160E00FF77FF = {
			isa = PBXGroup;
			children = (
				C00522D71A94160E00FF77FF /* NewWindow */,
				C00522F11A94160E00FF77FF /* NewWindowTests */,
				C00522D61A94160E00FF77FF /* Products */,
			);
			sourceTree = "<group>";
		};
		C00522D61A94160E00FF77FF /* Products */ = {
			isa = PBXGroup;
			children = (
				C00522D51A94160E00FF77FF /* NewWindow.app */,
				C00522EE1A94160E00FF77FF /* NewWindowTests.xctest */,
			);
			name = Products;
			sourceTree = "<group>";
		};
		C00522D71A94160E00FF77FF /* NewWindow */ = {
			isa = PBXGroup;
			children = (
				C00522DC1A94160E00FF77FF /* AppDelegate.h */,
				C00522DD1A94160E00FF77FF /* AppDelegate.m */,
				C00522DF1A94160E00FF77FF /* ViewController.h */,
				C00522E01A94160E00FF77FF /* ViewController.m */,
				C00522E21A94160E00FF77FF /* Main.storyboard */,
				C00522E51A94160E00FF77FF /* Images.xcassets */,
				C00522E71A94160E00FF77FF /* LaunchScreen.xib */,
				C00522D81A94160E00FF77FF /* Supporting Files */,
				C08C96691A971EF9004F39E0 /* NextViewController.h */,
				C08C966A1A971EF9004F39E0 /* NextViewController.m */,
			);
			path = NewWindow;
			sourceTree = "<group>";
		};
		C00522D81A94160E00FF77FF /* Supporting Files */ = {
			isa = PBXGroup;
			children = (
				C00522D91A94160E00FF77FF /* Info.plist */,
				C00522DA1A94160E00FF77FF /* main.m */,
			);
			name = "Supporting Files";
			sourceTree = "<group>";
		};
		C00522F11A94160E00FF77FF /* NewWindowTests */ = {
			isa = PBXGroup;
			children = (
				C00522F41A94160E00FF77FF /* NewWindowTests.m */,
				C00522F21A94160E00FF77FF /* Supporting Files */,
			);
			path = NewWindowTests;
			sourceTree = "<group>";
		};
		C00522F21A94160E00FF77FF /* Supporting Files */ = {
			isa = PBXGroup;
			children = (
				C00522F31A94160E00FF77FF /* Info.plist */,
			);
			name = "Supporting Files";
			sourceTree = "<group>";
		};
/* End PBXGroup section */

/* Begin PBXNativeTarget section */
		C00522D41A94160E00FF77FF /* NewWindow */ = {
			isa = PBXNativeTarget;
			buildConfigurationList = C00522F81A94160E00FF77FF /* Build configuration list for PBXNativeTarget "NewWindow" */;
			buildPhases = (
				C00522D11A94160E00FF77FF /* Sources */,
				C00522D21A94160E00FF77FF /* Frameworks */,
				C00522D31A94160E00FF77FF /* Resources */,
			);
			buildRules = (
			);
			dependencies = (
			);
			name = NewWindow;
			productName = NewWindow;
			productReference = C00522D51A94160E00FF77FF /* NewWindow.app */;
			productType = "com.apple.product-type.application";
		};
		C00522ED1A94160E00FF77FF /* NewWindowTests */ = {
			isa = PBXNativeTarget;
			buildConfigurationList = C00522FB1A94160E00FF77FF /* Build configuration list for PBXNativeTarget "NewWindowTests" */;
			buildPhases = (
				C00522EA1A94160E00FF77FF /* Sources */,
				C00522EB1A94160E00FF77FF /* Frameworks */,
				C00522EC1A94160E00FF77FF /* Resources */,
			);
			buildRules = (
			);
			dependencies = (
				C00522F01A94160E00FF77FF /* PBXTargetDependency */,
			);
			name = NewWindowTests;
			productName = NewWindowTests;
			productReference = C00522EE1A94160E00FF77FF /* NewWindowTests.xctest */;
			productType = "com.apple.product-type.bundle.unit-test";
		};
/* End PBXNativeTarget section */

/* Begin PBXProject section */
		C00522CD1A94160E00FF77FF /* Project object */ = {
			isa = PBXProject;
			attributes = {
				LastUpgradeCheck = 0610;
				ORGANIZATIONNAME = eu;
				TargetAttributes = {
					C00522D41A94160E00FF77FF = {
						CreatedOnToolsVersion = 6.1.1;
					};
					C00522ED1A94160E00FF77FF = {
						CreatedOnToolsVersion = 6.1.1;
						TestTargetID = C00522D41A94160E00FF77FF;
					};
				};
			};
			buildConfigurationList = C00522D01A94160E00FF77FF /* Build configuration list for PBXProject "NewWindow" */;
			compatibilityVersion = "Xcode 3.2";
			developmentRegion = English;
			hasScannedForEncodings = 0;
			knownRegions = (
				en,
				Base,
			);
			mainGroup = C00522CC1A94160E00FF77FF;
			productRefGroup = C00522D61A94160E00FF77FF /* Products */;
			projectDirPath = "";
			projectRoot = "";
			targets = (
				C00522D41A94160E00FF77FF /* NewWindow */,
				C00522ED1A94160E00FF77FF /* NewWindowTests */,
			);
		};
/* End PBXProject section */

/* Begin PBXResourcesBuildPhase section */
		C00522D31A94160E00FF77FF /* Resources */ = {
			isa = PBXResourcesBuildPhase;
			buildActionMask = 2147483647;
			files = (
				C00522E41A94160E00FF77FF /* Main.storyboard in Resources */,
				C00522E91A94160E00FF77FF /* LaunchScreen.xib in Resources */,
				C00522E61A94160E00FF77FF /* Images.xcassets in Resources */,
			);
			runOnlyForDeploymentPostprocessing = 0;
		};
		C00522EC1A94160E00FF77FF /* Resources */ = {
			isa = PBXResourcesBuildPhase;
			buildActionMask = 2147483647;
			files = (
			);
			runOnlyForDeploymentPostprocessing = 0;
		};
/* End PBXResourcesBuildPhase section */

/* Begin PBXSourcesBuildPhase section */
		C00522D11A94160E00FF77FF /* Sources */ = {
			isa = PBXSourcesBuildPhase;
			buildActionMask = 2147483647;
			files = (
				C00522E11A94160E00FF77FF /* ViewController.m in Sources */,
				C08C966B1A971EF9004F39E0 /* NextViewController.m in Sources */,
				C00522DE1A94160E00FF77FF /* AppDelegate.m in Sources */,
				C00522DB1A94160E00FF77FF /* main.m in Sources */,
			);
			runOnlyForDeploymentPostprocessing = 0;
		};
		C00522EA1A94160E00FF77FF /* Sources */ = {
			isa = PBXSourcesBuildPhase;
			buildActionMask = 2147483647;
			files = (
				C00522F51A94160E00FF77FF /* NewWindowTests.m in Sources */,
			);
			runOnlyForDeploymentPostprocessing = 0;
		};
/* End PBXSourcesBuildPhase section */

/* Begin PBXTargetDependency section */
		C00522F01A94160E00FF77FF /* PBXTargetDependency */ = {
			isa = PBXTargetDependency;
			target = C00522D41A94160E00FF77FF /* NewWindow */;
			targetProxy = C00522EF1A94160E00FF77FF /* PBXContainerItemProxy */;
		};
/* End PBXTargetDependency section */

/* Begin PBXVariantGroup section */
		C00522E21A94160E00FF77FF /* Main.storyboard */ = {
			isa = PBXVariantGroup;
			children = (
				C00522E31A94160E00FF77FF /* Base */,
			);
			name = Main.storyboard;
			sourceTree = "<group>";
		};
		C00522E71A94160E00FF77FF /* LaunchScreen.xib */ = {
			isa = PBXVariantGroup;
			children = (
				C00522E81A94160E00FF77FF /* Base */,
			);
			name = LaunchScreen.xib;
			sourceTree = "<group>";
		};
/* End PBXVariantGroup section */

/* Begin XCBuildConfiguration section */
		C00522F61A94160E00FF77FF /* Debug */ = {
			isa = XCBuildConfiguration;
			buildSettings = {
				ALWAYS_SEARCH_USER_PATHS = NO;
				CLANG_CXX_LANGUAGE_STANDARD = "gnu++0x";
				CLANG_CXX_LIBRARY = "libc++";
				CLANG_ENABLE_MODULES = YES;
				CLANG_ENABLE_OBJC_ARC = YES;
				CLANG_WARN_BOOL_CONVERSION = YES;
				CLANG_WARN_CONSTANT_CONVERSION = YES;
				CLANG_WARN_DIRECT_OBJC_ISA_USAGE = YES_ERROR;
				CLANG_WARN_EMPTY_BODY = YES;
				CLANG_WARN_ENUM_CONVERSION = YES;
				CLANG_WARN_INT_CONVERSION = YES;
				CLANG_WARN_OBJC_ROOT_CLASS = YES_ERROR;
				CLANG_WARN_UNREACHABLE_CODE = YES;
				CLANG_WARN__DUPLICATE_METHOD_MATCH = YES;
				"CODE_SIGN_IDENTITY[sdk=iphoneos*]" = "iPhone Developer";
				COPY_PHASE_STRIP = NO;
				ENABLE_STRICT_OBJC_MSGSEND = YES;
				GCC_C_LANGUAGE_STANDARD = gnu99;
				GCC_DYNAMIC_NO_PIC = NO;
				GCC_OPTIMIZATION_LEVEL = 0;
				GCC_PREPROCESSOR_DEFINITIONS = (
					"DEBUG=1",
					"$(inherited)",
				);
				GCC_SYMBOLS_PRIVATE_EXTERN = NO;
				GCC_WARN_64_TO_32_BIT_CONVERSION = YES;
				GCC_WARN_ABOUT_RETURN_TYPE = YES_ERROR;
				GCC_WARN_UNDECLARED_SELECTOR = YES;
				GCC_WARN_UNINITIALIZED_AUTOS = YES_AGGRESSIVE;
				GCC_WARN_UNUSED_FUNCTION = YES;
				GCC_WARN_UNUSED_VARIABLE = YES;
				IPHONEOS_DEPLOYMENT_TARGET = 8.1;
				MTL_ENABLE_DEBUG_INFO = YES;
				ONLY_ACTIVE_ARCH = YES;
				SDKROOT = iphoneos;
				TARGETED_DEVICE_FAMILY = "1,2";
			};
			name = Debug;
		};
		C00522F71A94160E00FF77FF /* Release */ = {
			isa = XCBuildConfiguration;
			buildSettings = {
				ALWAYS_SEARCH_USER_PATHS = NO;
				CLANG_CXX_LANGUAGE_STANDARD = "gnu++0x";
				CLANG_CXX_LIBRARY = "libc++";
				CLANG_ENABLE_MODULES = YES;
				CLANG_ENABLE_OBJC_ARC = YES;
				CLANG_WARN_BOOL_CONVERSION = YES;
				CLANG_WARN_CONSTANT_CONVERSION = YES;
				CLANG_WARN_DIRECT_OBJC_ISA_USAGE = YES_ERROR;
				CLANG_WARN_EMPTY_BODY = YES;
				CLANG_WARN_ENUM_CONVERSION = YES;
				CLANG_WARN_INT_CONVERSION = YES;
				CLANG_WARN_OBJC_ROOT_CLASS = YES_ERROR;
				CLANG_WARN_UNREACHABLE_CODE = YES;
				CLANG_WARN__DUPLICATE_METHOD_MATCH = YES;
				"CODE_SIGN_IDENTITY[sdk=iphoneos*]" = "iPhone Developer";
				COPY_PHASE_STRIP = YES;
				ENABLE_NS_ASSERTIONS = NO;
				ENABLE_STRICT_OBJC_MSGSEND = YES;
				GCC_C_LANGUAGE_STANDARD = gnu99;
				GCC_WARN_64_TO_32_BIT_CONVERSION = YES;
				GCC_WARN_ABOUT_RETURN_TYPE = YES_ERROR;
				GCC_WARN_UNDECLARED_SELECTOR = YES;
				GCC_WARN_UNINITIALIZED_AUTOS = YES_AGGRESSIVE;
				GCC_WARN_UNUSED_FUNCTION = YES;
				GCC_WARN_UNUSED_VARIABLE = YES;
				IPHONEOS_DEPLOYMENT_TARGET = 8.1;
				MTL_ENABLE_DEBUG_INFO = NO;
				SDKROOT = iphoneos;
				TARGETED_DEVICE_FAMILY = "1,2";
				VALIDATE_PRODUCT = YES;
			};
			name = Release;
		};
		C00522F91A94160E00FF77FF /* Debug */ = {
			isa = XCBuildConfiguration;
			buildSettings = {
				ASSETCATALOG_COMPILER_APPICON_NAME = AppIcon;
				INFOPLIST_FILE = NewWindow/Info.plist;
				LD_RUNPATH_SEARCH_PATHS = "$(inherited) @executable_path/Frameworks";
				PRODUCT_NAME = "$(TARGET_NAME)";
			};
			name = Debug;
		};
		C00522FA1A94160E00FF77FF /* Release */ = {
			isa = XCBuildConfiguration;
			buildSettings = {
				ASSETCATALOG_COMPILER_APPICON_NAME = AppIcon;
				INFOPLIST_FILE = NewWindow/Info.plist;
				LD_RUNPATH_SEARCH_PATHS = "$(inherited) @executable_path/Frameworks";
				PRODUCT_NAME = "$(TARGET_NAME)";
			};
			name = Release;
		};
		C00522FC1A94160E00FF77FF /* Debug */ = {
			isa = XCBuildConfiguration;
			buildSettings = {
				BUNDLE_LOADER = "$(TEST_HOST)";
				FRAMEWORK_SEARCH_PATHS = (
					"$(SDKROOT)/Developer/Library/Frameworks",
					"$(inherited)",
				);
				GCC_PREPROCESSOR_DEFINITIONS = (
					"DEBUG=1",
					"$(inherited)",
				);
				INFOPLIST_FILE = NewWindowTests/Info.plist;
				LD_RUNPATH_SEARCH_PATHS = "$(inherited) @executable_path/Frameworks @loader_path/Frameworks";
				PRODUCT_NAME = "$(TARGET_NAME)";
				TEST_HOST = "$(BUILT_PRODUCTS_DIR)/NewWindow.app/NewWindow";
			};
			name = Debug;
		};
		C00522FD1A94160E00FF77FF /* Release */ = {
			isa = XCBuildConfiguration;
			buildSettings = {
				BUNDLE_LOADER = "$(TEST_HOST)";
				FRAMEWORK_SEARCH_PATHS = (
					"$(SDKROOT)/Developer/Library/Frameworks",
					"$(inherited)",
				);
				INFOPLIST_FILE = NewWindowTests/Info.plist;
				LD_RUNPATH_SEARCH_PATHS = "$(inherited) @executable_path/Frameworks @loader_path/Frameworks";
				PRODUCT_NAME = "$(TARGET_NAME)";
				TEST_HOST = "$(BUILT_PRODUCTS_DIR)/NewWindow.app/NewWindow";
			};
			name = Release;
		};
/* End XCBuildConfiguration section */

/* Begin XCConfigurationList section */
		C00522D01A94160E00FF77FF /* Build configuration list for PBXProject "NewWindow" */ = {
			isa = XCConfigurationList;
			buildConfigurations = (
				C00522F61A94160E00FF77FF /* Debug */,
				C00522F71A94160E00FF77FF /* Release */,
			);
			defaultConfigurationIsVisible = 0;
			defaultConfigurationName = Release;
		};
		C00522F81A94160E00FF77FF /* Build configuration list for PBXNativeTarget "NewWindow" */ = {
			isa = XCConfigurationList;
			buildConfigurations = (
				C00522F91A94160E00FF77FF /* Debug */,
				C00522FA1A94160E00FF77FF /* Release */,
			);
			defaultConfigurationIsVisible = 0;
			defaultConfigurationName = Release;
		};
		C00522FB1A94160E00FF77FF /* Build configuration list for PBXNativeTarget "NewWindowTests" */ = {
			isa = XCConfigurationList;
			buildConfigurations = (
				C00522FC1A94160E00FF77FF /* Debug */,
				C00522FD1A94160E00FF77FF /* Release */,
			);
			defaultConfigurationIsVisible = 0;
			defaultConfigurationName = Release;
		};
/* End XCConfigurationList section */
	};
	rootObject = C00522CD1A94160E00FF77FF /* Project object */;
}
