// !$*UTF8*$!
{
	archiveVersion = 1;
	classes = {
	};
	objectVersion = 46;
	objects = {

/* Begin PBXBuildFile section */
		C0DE3CD41ABC133D004A356E /* main.m in Sources */ = {isa = PBXBuildFile; fileRef = C0DE3CD31ABC133D004A356E /* main.m */; };
		C0DE3CD71ABC133D004A356E /* AppDelegate.m in Sources */ = {isa = PBXBuildFile; fileRef = C0DE3CD61ABC133D004A356E /* AppDelegate.m */; };
		C0DE3CDA1ABC133D004A356E /* ViewController.m in Sources */ = {isa = PBXBuildFile; fileRef = C0DE3CD91ABC133D004A356E /* ViewController.m */; };
		C0DE3CDD1ABC133D004A356E /* Main.storyboard in Resources */ = {isa = PBXBuildFile; fileRef = C0DE3CDB1ABC133D004A356E /* Main.storyboard */; };
		C0DE3CDF1ABC133D004A356E /* Images.xcassets in Resources */ = {isa = PBXBuildFile; fileRef = C0DE3CDE1ABC133D004A356E /* Images.xcassets */; };
		C0DE3CE21ABC133D004A356E /* LaunchScreen.xib in Resources */ = {isa = PBXBuildFile; fileRef = C0DE3CE01ABC133D004A356E /* LaunchScreen.xib */; };
		C0DE3CEE1ABC133D004A356E /* TableViewSampleTests.m in Sources */ = {isa = PBXBuildFile; fileRef = C0DE3CED1ABC133D004A356E /* TableViewSampleTests.m */; };
/* End PBXBuildFile section */

/* Begin PBXContainerItemProxy section */
		C0DE3CE81ABC133D004A356E /* PBXContainerItemProxy */ = {
			isa = PBXContainerItemProxy;
			containerPortal = C0DE3CC61ABC133D004A356E /* Project object */;
			proxyType = 1;
			remoteGlobalIDString = C0DE3CCD1ABC133D004A356E;
			remoteInfo = TableViewSample;
		};
/* End PBXContainerItemProxy section */

/* Begin PBXFileReference section */
		C0DE3CCE1ABC133D004A356E /* TableViewSample.app */ = {isa = PBXFileReference; explicitFileType = wrapper.application; includeInIndex = 0; path = TableViewSample.app; sourceTree = BUILT_PRODUCTS_DIR; };
		C0DE3CD21ABC133D004A356E /* Info.plist */ = {isa = PBXFileReference; lastKnownFileType = text.plist.xml; path = Info.plist; sourceTree = "<group>"; };
		C0DE3CD31ABC133D004A356E /* main.m */ = {isa = PBXFileReference; lastKnownFileType = sourcecode.c.objc; path = main.m; sourceTree = "<group>"; };
		C0DE3CD51ABC133D004A356E /* AppDelegate.h */ = {isa = PBXFileReference; lastKnownFileType = sourcecode.c.h; path = AppDelegate.h; sourceTree = "<group>"; };
		C0DE3CD61ABC133D004A356E /* AppDelegate.m */ = {isa = PBXFileReference; lastKnownFileType = sourcecode.c.objc; path = AppDelegate.m; sourceTree = "<group>"; };
		C0DE3CD81ABC133D004A356E /* ViewController.h */ = {isa = PBXFileReference; lastKnownFileType = sourcecode.c.h; path = ViewController.h; sourceTree = "<group>"; };
		C0DE3CD91ABC133D004A356E /* ViewController.m */ = {isa = PBXFileReference; lastKnownFileType = sourcecode.c.objc; path = ViewController.m; sourceTree = "<group>"; };
		C0DE3CDC1ABC133D004A356E /* Base */ = {isa = PBXFileReference; lastKnownFileType = file.storyboard; name = Base; path = Base.lproj/Main.storyboard; sourceTree = "<group>"; };
		C0DE3CDE1ABC133D004A356E /* Images.xcassets */ = {isa = PBXFileReference; lastKnownFileType = folder.assetcatalog; path = Images.xcassets; sourceTree = "<group>"; };
		C0DE3CE11ABC133D004A356E /* Base */ = {isa = PBXFileReference; lastKnownFileType = file.xib; name = Base; path = Base.lproj/LaunchScreen.xib; sourceTree = "<group>"; };
		C0DE3CE71ABC133D004A356E /* TableViewSampleTests.xctest */ = {isa = PBXFileReference; explicitFileType = wrapper.cfbundle; includeInIndex = 0; path = TableViewSampleTests.xctest; sourceTree = BUILT_PRODUCTS_DIR; };
		C0DE3CEC1ABC133D004A356E /* Info.plist */ = {isa = PBXFileReference; lastKnownFileType = text.plist.xml; path = Info.plist; sourceTree = "<group>"; };
		C0DE3CED1ABC133D004A356E /* TableViewSampleTests.m */ = {isa = PBXFileReference; lastKnownFileType = sourcecode.c.objc; path = TableViewSampleTests.m; sourceTree = "<group>"; };
/* End PBXFileReference section */

/* Begin PBXFrameworksBuildPhase section */
		C0DE3CCB1ABC133D004A356E /* Frameworks */ = {
			isa = PBXFrameworksBuildPhase;
			buildActionMask = 2147483647;
			files = (
			);
			runOnlyForDeploymentPostprocessing = 0;
		};
		C0DE3CE41ABC133D004A356E /* Frameworks */ = {
			isa = PBXFrameworksBuildPhase;
			buildActionMask = 2147483647;
			files = (
			);
			runOnlyForDeploymentPostprocessing = 0;
		};
/* End PBXFrameworksBuildPhase section */

/* Begin PBXGroup section */
		C0DE3CC51ABC133D004A356E = {
			isa = PBXGroup;
			children = (
				C0DE3CD01ABC133D004A356E /* TableViewSample */,
				C0DE3CEA1ABC133D004A356E /* TableViewSampleTests */,
				C0DE3CCF1ABC133D004A356E /* Products */,
			);
			sourceTree = "<group>";
		};
		C0DE3CCF1ABC133D004A356E /* Products */ = {
			isa = PBXGroup;
			children = (
				C0DE3CCE1ABC133D004A356E /* TableViewSample.app */,
				C0DE3CE71ABC133D004A356E /* TableViewSampleTests.xctest */,
			);
			name = Products;
			sourceTree = "<group>";
		};
		C0DE3CD01ABC133D004A356E /* TableViewSample */ = {
			isa = PBXGroup;
			children = (
				C0DE3CD51ABC133D004A356E /* AppDelegate.h */,
				C0DE3CD61ABC133D004A356E /* AppDelegate.m */,
				C0DE3CD81ABC133D004A356E /* ViewController.h */,
				C0DE3CD91ABC133D004A356E /* ViewController.m */,
				C0DE3CDB1ABC133D004A356E /* Main.storyboard */,
				C0DE3CDE1ABC133D004A356E /* Images.xcassets */,
				C0DE3CE01ABC133D004A356E /* LaunchScreen.xib */,
				C0DE3CD11ABC133D004A356E /* Supporting Files */,
			);
			path = TableViewSample;
			sourceTree = "<group>";
		};
		C0DE3CD11ABC133D004A356E /* Supporting Files */ = {
			isa = PBXGroup;
			children = (
				C0DE3CD21ABC133D004A356E /* Info.plist */,
				C0DE3CD31ABC133D004A356E /* main.m */,
			);
			name = "Supporting Files";
			sourceTree = "<group>";
		};
		C0DE3CEA1ABC133D004A356E /* TableViewSampleTests */ = {
			isa = PBXGroup;
			children = (
				C0DE3CED1ABC133D004A356E /* TableViewSampleTests.m */,
				C0DE3CEB1ABC133D004A356E /* Supporting Files */,
			);
			path = TableViewSampleTests;
			sourceTree = "<group>";
		};
		C0DE3CEB1ABC133D004A356E /* Supporting Files */ = {
			isa = PBXGroup;
			children = (
				C0DE3CEC1ABC133D004A356E /* Info.plist */,
			);
			name = "Supporting Files";
			sourceTree = "<group>";
		};
/* End PBXGroup section */

/* Begin PBXNativeTarget section */
		C0DE3CCD1ABC133D004A356E /* TableViewSample */ = {
			isa = PBXNativeTarget;
			buildConfigurationList = C0DE3CF11ABC133D004A356E /* Build configuration list for PBXNativeTarget "TableViewSample" */;
			buildPhases = (
				C0DE3CCA1ABC133D004A356E /* Sources */,
				C0DE3CCB1ABC133D004A356E /* Frameworks */,
				C0DE3CCC1ABC133D004A356E /* Resources */,
			);
			buildRules = (
			);
			dependencies = (
			);
			name = TableViewSample;
			productName = TableViewSample;
			productReference = C0DE3CCE1ABC133D004A356E /* TableViewSample.app */;
			productType = "com.apple.product-type.application";
		};
		C0DE3CE61ABC133D004A356E /* TableViewSampleTests */ = {
			isa = PBXNativeTarget;
			buildConfigurationList = C0DE3CF41ABC133D004A356E /* Build configuration list for PBXNativeTarget "TableViewSampleTests" */;
			buildPhases = (
				C0DE3CE31ABC133D004A356E /* Sources */,
				C0DE3CE41ABC133D004A356E /* Frameworks */,
				C0DE3CE51ABC133D004A356E /* Resources */,
			);
			buildRules = (
			);
			dependencies = (
				C0DE3CE91ABC133D004A356E /* PBXTargetDependency */,
			);
			name = TableViewSampleTests;
			productName = TableViewSampleTests;
			productReference = C0DE3CE71ABC133D004A356E /* TableViewSampleTests.xctest */;
			productType = "com.apple.product-type.bundle.unit-test";
		};
/* End PBXNativeTarget section */

/* Begin PBXProject section */
		C0DE3CC61ABC133D004A356E /* Project object */ = {
			isa = PBXProject;
			attributes = {
				LastUpgradeCheck = 0620;
				ORGANIZATIONNAME = va034600;
				TargetAttributes = {
					C0DE3CCD1ABC133D004A356E = {
						CreatedOnToolsVersion = 6.2;
					};
					C0DE3CE61ABC133D004A356E = {
						CreatedOnToolsVersion = 6.2;
						TestTargetID = C0DE3CCD1ABC133D004A356E;
					};
				};
			};
			buildConfigurationList = C0DE3CC91ABC133D004A356E /* Build configuration list for PBXProject "TableViewSample" */;
			compatibilityVersion = "Xcode 3.2";
			developmentRegion = English;
			hasScannedForEncodings = 0;
			knownRegions = (
				en,
				Base,
			);
			mainGroup = C0DE3CC51ABC133D004A356E;
			productRefGroup = C0DE3CCF1ABC133D004A356E /* Products */;
			projectDirPath = "";
			projectRoot = "";
			targets = (
				C0DE3CCD1ABC133D004A356E /* TableViewSample */,
				C0DE3CE61ABC133D004A356E /* TableViewSampleTests */,
			);
		};
/* End PBXProject section */

/* Begin PBXResourcesBuildPhase section */
		C0DE3CCC1ABC133D004A356E /* Resources */ = {
			isa = PBXResourcesBuildPhase;
			buildActionMask = 2147483647;
			files = (
				C0DE3CDD1ABC133D004A356E /* Main.storyboard in Resources */,
				C0DE3CE21ABC133D004A356E /* LaunchScreen.xib in Resources */,
				C0DE3CDF1ABC133D004A356E /* Images.xcassets in Resources */,
			);
			runOnlyForDeploymentPostprocessing = 0;
		};
		C0DE3CE51ABC133D004A356E /* Resources */ = {
			isa = PBXResourcesBuildPhase;
			buildActionMask = 2147483647;
			files = (
			);
			runOnlyForDeploymentPostprocessing = 0;
		};
/* End PBXResourcesBuildPhase section */

/* Begin PBXSourcesBuildPhase section */
		C0DE3CCA1ABC133D004A356E /* Sources */ = {
			isa = PBXSourcesBuildPhase;
			buildActionMask = 2147483647;
			files = (
				C0DE3CDA1ABC133D004A356E /* ViewController.m in Sources */,
				C0DE3CD71ABC133D004A356E /* AppDelegate.m in Sources */,
				C0DE3CD41ABC133D004A356E /* main.m in Sources */,
			);
			runOnlyForDeploymentPostprocessing = 0;
		};
		C0DE3CE31ABC133D004A356E /* Sources */ = {
			isa = PBXSourcesBuildPhase;
			buildActionMask = 2147483647;
			files = (
				C0DE3CEE1ABC133D004A356E /* TableViewSampleTests.m in Sources */,
			);
			runOnlyForDeploymentPostprocessing = 0;
		};
/* End PBXSourcesBuildPhase section */

/* Begin PBXTargetDependency section */
		C0DE3CE91ABC133D004A356E /* PBXTargetDependency */ = {
			isa = PBXTargetDependency;
			target = C0DE3CCD1ABC133D004A356E /* TableViewSample */;
			targetProxy = C0DE3CE81ABC133D004A356E /* PBXContainerItemProxy */;
		};
/* End PBXTargetDependency section */

/* Begin PBXVariantGroup section */
		C0DE3CDB1ABC133D004A356E /* Main.storyboard */ = {
			isa = PBXVariantGroup;
			children = (
				C0DE3CDC1ABC133D004A356E /* Base */,
			);
			name = Main.storyboard;
			sourceTree = "<group>";
		};
		C0DE3CE01ABC133D004A356E /* LaunchScreen.xib */ = {
			isa = PBXVariantGroup;
			children = (
				C0DE3CE11ABC133D004A356E /* Base */,
			);
			name = LaunchScreen.xib;
			sourceTree = "<group>";
		};
/* End PBXVariantGroup section */

/* Begin XCBuildConfiguration section */
		C0DE3CEF1ABC133D004A356E /* Debug */ = {
			isa = XCBuildConfiguration;
			buildSettings = {
				ALWAYS_SEARCH_USER_PATHS = NO;
				CLANG_CXX_LANGUAGE_STANDARD = "gnu++0x";
				CLANG_CXX_LIBRARY = "libc++";
				CLANG_ENABLE_MODULES = YES;
				CLANG_ENABLE_OBJC_ARC = YES;
				CLANG_WARN_BOOL_CONVERSION = YES;
				CLANG_WARN_CONSTANT_CONVERSION = YES;
				CLANG_WARN_DIRECT_OBJC_ISA_USAGE = YES_ERROR;
				CLANG_WARN_EMPTY_BODY = YES;
				CLANG_WARN_ENUM_CONVERSION = YES;
				CLANG_WARN_INT_CONVERSION = YES;
				CLANG_WARN_OBJC_ROOT_CLASS = YES_ERROR;
				CLANG_WARN_UNREACHABLE_CODE = YES;
				CLANG_WARN__DUPLICATE_METHOD_MATCH = YES;
				"CODE_SIGN_IDENTITY[sdk=iphoneos*]" = "iPhone Developer";
				COPY_PHASE_STRIP = NO;
				ENABLE_STRICT_OBJC_MSGSEND = YES;
				GCC_C_LANGUAGE_STANDARD = gnu99;
				GCC_DYNAMIC_NO_PIC = NO;
				GCC_OPTIMIZATION_LEVEL = 0;
				GCC_PREPROCESSOR_DEFINITIONS = (
					"DEBUG=1",
					"$(inherited)",
				);
				GCC_SYMBOLS_PRIVATE_EXTERN = NO;
				GCC_WARN_64_TO_32_BIT_CONVERSION = YES;
				GCC_WARN_ABOUT_RETURN_TYPE = YES_ERROR;
				GCC_WARN_UNDECLARED_SELECTOR = YES;
				GCC_WARN_UNINITIALIZED_AUTOS = YES_AGGRESSIVE;
				GCC_WARN_UNUSED_FUNCTION = YES;
				GCC_WARN_UNUSED_VARIABLE = YES;
				IPHONEOS_DEPLOYMENT_TARGET = 8.2;
				MTL_ENABLE_DEBUG_INFO = YES;
				ONLY_ACTIVE_ARCH = YES;
				SDKROOT = iphoneos;
				TARGETED_DEVICE_FAMILY = "1,2";
			};
			name = Debug;
		};
		C0DE3CF01ABC133D004A356E /* Release */ = {
			isa = XCBuildConfiguration;
			buildSettings = {
				ALWAYS_SEARCH_USER_PATHS = NO;
				CLANG_CXX_LANGUAGE_STANDARD = "gnu++0x";
				CLANG_CXX_LIBRARY = "libc++";
				CLANG_ENABLE_MODULES = YES;
				CLANG_ENABLE_OBJC_ARC = YES;
				CLANG_WARN_BOOL_CONVERSION = YES;
				CLANG_WARN_CONSTANT_CONVERSION = YES;
				CLANG_WARN_DIRECT_OBJC_ISA_USAGE = YES_ERROR;
				CLANG_WARN_EMPTY_BODY = YES;
				CLANG_WARN_ENUM_CONVERSION = YES;
				CLANG_WARN_INT_CONVERSION = YES;
				CLANG_WARN_OBJC_ROOT_CLASS = YES_ERROR;
				CLANG_WARN_UNREACHABLE_CODE = YES;
				CLANG_WARN__DUPLICATE_METHOD_MATCH = YES;
				"CODE_SIGN_IDENTITY[sdk=iphoneos*]" = "iPhone Developer";
				COPY_PHASE_STRIP = NO;
				ENABLE_NS_ASSERTIONS = NO;
				ENABLE_STRICT_OBJC_MSGSEND = YES;
				GCC_C_LANGUAGE_STANDARD = gnu99;
				GCC_WARN_64_TO_32_BIT_CONVERSION = YES;
				GCC_WARN_ABOUT_RETURN_TYPE = YES_ERROR;
				GCC_WARN_UNDECLARED_SELECTOR = YES;
				GCC_WARN_UNINITIALIZED_AUTOS = YES_AGGRESSIVE;
				GCC_WARN_UNUSED_FUNCTION = YES;
				GCC_WARN_UNUSED_VARIABLE = YES;
				IPHONEOS_DEPLOYMENT_TARGET = 8.2;
				MTL_ENABLE_DEBUG_INFO = NO;
				SDKROOT = iphoneos;
				TARGETED_DEVICE_FAMILY = "1,2";
				VALIDATE_PRODUCT = YES;
			};
			name = Release;
		};
		C0DE3CF21ABC133D004A356E /* Debug */ = {
			isa = XCBuildConfiguration;
			buildSettings = {
				ASSETCATALOG_COMPILER_APPICON_NAME = AppIcon;
				INFOPLIST_FILE = TableViewSample/Info.plist;
				LD_RUNPATH_SEARCH_PATHS = "$(inherited) @executable_path/Frameworks";
				PRODUCT_NAME = "$(TARGET_NAME)";
			};
			name = Debug;
		};
		C0DE3CF31ABC133D004A356E /* Release */ = {
			isa = XCBuildConfiguration;
			buildSettings = {
				ASSETCATALOG_COMPILER_APPICON_NAME = AppIcon;
				INFOPLIST_FILE = TableViewSample/Info.plist;
				LD_RUNPATH_SEARCH_PATHS = "$(inherited) @executable_path/Frameworks";
				PRODUCT_NAME = "$(TARGET_NAME)";
			};
			name = Release;
		};
		C0DE3CF51ABC133D004A356E /* Debug */ = {
			isa = XCBuildConfiguration;
			buildSettings = {
				BUNDLE_LOADER = "$(TEST_HOST)";
				FRAMEWORK_SEARCH_PATHS = (
					"$(SDKROOT)/Developer/Library/Frameworks",
					"$(inherited)",
				);
				GCC_PREPROCESSOR_DEFINITIONS = (
					"DEBUG=1",
					"$(inherited)",
				);
				INFOPLIST_FILE = TableViewSampleTests/Info.plist;
				LD_RUNPATH_SEARCH_PATHS = "$(inherited) @executable_path/Frameworks @loader_path/Frameworks";
				PRODUCT_NAME = "$(TARGET_NAME)";
				TEST_HOST = "$(BUILT_PRODUCTS_DIR)/TableViewSample.app/TableViewSample";
			};
			name = Debug;
		};
		C0DE3CF61ABC133D004A356E /* Release */ = {
			isa = XCBuildConfiguration;
			buildSettings = {
				BUNDLE_LOADER = "$(TEST_HOST)";
				FRAMEWORK_SEARCH_PATHS = (
					"$(SDKROOT)/Developer/Library/Frameworks",
					"$(inherited)",
				);
				INFOPLIST_FILE = TableViewSampleTests/Info.plist;
				LD_RUNPATH_SEARCH_PATHS = "$(inherited) @executable_path/Frameworks @loader_path/Frameworks";
				PRODUCT_NAME = "$(TARGET_NAME)";
				TEST_HOST = "$(BUILT_PRODUCTS_DIR)/TableViewSample.app/TableViewSample";
			};
			name = Release;
		};
/* End XCBuildConfiguration section */

/* Begin XCConfigurationList section */
		C0DE3CC91ABC133D004A356E /* Build configuration list for PBXProject "TableViewSample" */ = {
			isa = XCConfigurationList;
			buildConfigurations = (
				C0DE3CEF1ABC133D004A356E /* Debug */,
				C0DE3CF01ABC133D004A356E /* Release */,
			);
			defaultConfigurationIsVisible = 0;
			defaultConfigurationName = Release;
		};
		C0DE3CF11ABC133D004A356E /* Build configuration list for PBXNativeTarget "TableViewSample" */ = {
			isa = XCConfigurationList;
			buildConfigurations = (
				C0DE3CF21ABC133D004A356E /* Debug */,
				C0DE3CF31ABC133D004A356E /* Release */,
			);
			defaultConfigurationIsVisible = 0;
		};
		C0DE3CF41ABC133D004A356E /* Build configuration list for PBXNativeTarget "TableViewSampleTests" */ = {
			isa = XCConfigurationList;
			buildConfigurations = (
				C0DE3CF51ABC133D004A356E /* Debug */,
				C0DE3CF61ABC133D004A356E /* Release */,
			);
			defaultConfigurationIsVisible = 0;
		};
/* End XCConfigurationList section */
	};
	rootObject = C0DE3CC61ABC133D004A356E /* Project object */;
}
