// !$*UTF8*$!
{
	archiveVersion = 1;
	classes = {
	};
	objectVersion = 46;
	objects = {

/* Begin PBXBuildFile section */
		C0A4C0CC1AB2DD1200D6439E /* main.m in Sources */ = {isa = PBXBuildFile; fileRef = C0A4C0CB1AB2DD1200D6439E /* main.m */; };
		C0A4C0CF1AB2DD1200D6439E /* AppDelegate.m in Sources */ = {isa = PBXBuildFile; fileRef = C0A4C0CE1AB2DD1200D6439E /* AppDelegate.m */; };
		C0A4C0D21AB2DD1200D6439E /* ViewController.m in Sources */ = {isa = PBXBuildFile; fileRef = C0A4C0D11AB2DD1200D6439E /* ViewController.m */; };
		C0A4C0D51AB2DD1200D6439E /* Main.storyboard in Resources */ = {isa = PBXBuildFile; fileRef = C0A4C0D31AB2DD1200D6439E /* Main.storyboard */; };
		C0A4C0D71AB2DD1200D6439E /* Images.xcassets in Resources */ = {isa = PBXBuildFile; fileRef = C0A4C0D61AB2DD1200D6439E /* Images.xcassets */; };
		C0A4C0DA1AB2DD1200D6439E /* LaunchScreen.xib in Resources */ = {isa = PBXBuildFile; fileRef = C0A4C0D81AB2DD1200D6439E /* LaunchScreen.xib */; };
		C0A4C0E61AB2DD1200D6439E /* ContainerSampleTests.m in Sources */ = {isa = PBXBuildFile; fileRef = C0A4C0E51AB2DD1200D6439E /* ContainerSampleTests.m */; };
/* End PBXBuildFile section */

/* Begin PBXContainerItemProxy section */
		C0A4C0E01AB2DD1200D6439E /* PBXContainerItemProxy */ = {
			isa = PBXContainerItemProxy;
			containerPortal = C0A4C0BE1AB2DD1200D6439E /* Project object */;
			proxyType = 1;
			remoteGlobalIDString = C0A4C0C51AB2DD1200D6439E;
			remoteInfo = ContainerSample;
		};
/* End PBXContainerItemProxy section */

/* Begin PBXFileReference section */
		C0A4C0C61AB2DD1200D6439E /* ContainerSample.app */ = {isa = PBXFileReference; explicitFileType = wrapper.application; includeInIndex = 0; path = ContainerSample.app; sourceTree = BUILT_PRODUCTS_DIR; };
		C0A4C0CA1AB2DD1200D6439E /* Info.plist */ = {isa = PBXFileReference; lastKnownFileType = text.plist.xml; path = Info.plist; sourceTree = "<group>"; };
		C0A4C0CB1AB2DD1200D6439E /* main.m */ = {isa = PBXFileReference; lastKnownFileType = sourcecode.c.objc; path = main.m; sourceTree = "<group>"; };
		C0A4C0CD1AB2DD1200D6439E /* AppDelegate.h */ = {isa = PBXFileReference; lastKnownFileType = sourcecode.c.h; path = AppDelegate.h; sourceTree = "<group>"; };
		C0A4C0CE1AB2DD1200D6439E /* AppDelegate.m */ = {isa = PBXFileReference; lastKnownFileType = sourcecode.c.objc; path = AppDelegate.m; sourceTree = "<group>"; };
		C0A4C0D01AB2DD1200D6439E /* ViewController.h */ = {isa = PBXFileReference; lastKnownFileType = sourcecode.c.h; path = ViewController.h; sourceTree = "<group>"; };
		C0A4C0D11AB2DD1200D6439E /* ViewController.m */ = {isa = PBXFileReference; lastKnownFileType = sourcecode.c.objc; path = ViewController.m; sourceTree = "<group>"; };
		C0A4C0D41AB2DD1200D6439E /* Base */ = {isa = PBXFileReference; lastKnownFileType = file.storyboard; name = Base; path = Base.lproj/Main.storyboard; sourceTree = "<group>"; };
		C0A4C0D61AB2DD1200D6439E /* Images.xcassets */ = {isa = PBXFileReference; lastKnownFileType = folder.assetcatalog; path = Images.xcassets; sourceTree = "<group>"; };
		C0A4C0D91AB2DD1200D6439E /* Base */ = {isa = PBXFileReference; lastKnownFileType = file.xib; name = Base; path = Base.lproj/LaunchScreen.xib; sourceTree = "<group>"; };
		C0A4C0DF1AB2DD1200D6439E /* ContainerSampleTests.xctest */ = {isa = PBXFileReference; explicitFileType = wrapper.cfbundle; includeInIndex = 0; path = ContainerSampleTests.xctest; sourceTree = BUILT_PRODUCTS_DIR; };
		C0A4C0E41AB2DD1200D6439E /* Info.plist */ = {isa = PBXFileReference; lastKnownFileType = text.plist.xml; path = Info.plist; sourceTree = "<group>"; };
		C0A4C0E51AB2DD1200D6439E /* ContainerSampleTests.m */ = {isa = PBXFileReference; lastKnownFileType = sourcecode.c.objc; path = ContainerSampleTests.m; sourceTree = "<group>"; };
/* End PBXFileReference section */

/* Begin PBXFrameworksBuildPhase section */
		C0A4C0C31AB2DD1200D6439E /* Frameworks */ = {
			isa = PBXFrameworksBuildPhase;
			buildActionMask = 2147483647;
			files = (
			);
			runOnlyForDeploymentPostprocessing = 0;
		};
		C0A4C0DC1AB2DD1200D6439E /* Frameworks */ = {
			isa = PBXFrameworksBuildPhase;
			buildActionMask = 2147483647;
			files = (
			);
			runOnlyForDeploymentPostprocessing = 0;
		};
/* End PBXFrameworksBuildPhase section */

/* Begin PBXGroup section */
		C0A4C0BD1AB2DD1200D6439E = {
			isa = PBXGroup;
			children = (
				C0A4C0C81AB2DD1200D6439E /* ContainerSample */,
				C0A4C0E21AB2DD1200D6439E /* ContainerSampleTests */,
				C0A4C0C71AB2DD1200D6439E /* Products */,
			);
			sourceTree = "<group>";
		};
		C0A4C0C71AB2DD1200D6439E /* Products */ = {
			isa = PBXGroup;
			children = (
				C0A4C0C61AB2DD1200D6439E /* ContainerSample.app */,
				C0A4C0DF1AB2DD1200D6439E /* ContainerSampleTests.xctest */,
			);
			name = Products;
			sourceTree = "<group>";
		};
		C0A4C0C81AB2DD1200D6439E /* ContainerSample */ = {
			isa = PBXGroup;
			children = (
				C0A4C0CD1AB2DD1200D6439E /* AppDelegate.h */,
				C0A4C0CE1AB2DD1200D6439E /* AppDelegate.m */,
				C0A4C0D01AB2DD1200D6439E /* ViewController.h */,
				C0A4C0D11AB2DD1200D6439E /* ViewController.m */,
				C0A4C0D31AB2DD1200D6439E /* Main.storyboard */,
				C0A4C0D61AB2DD1200D6439E /* Images.xcassets */,
				C0A4C0D81AB2DD1200D6439E /* LaunchScreen.xib */,
				C0A4C0C91AB2DD1200D6439E /* Supporting Files */,
			);
			path = ContainerSample;
			sourceTree = "<group>";
		};
		C0A4C0C91AB2DD1200D6439E /* Supporting Files */ = {
			isa = PBXGroup;
			children = (
				C0A4C0CA1AB2DD1200D6439E /* Info.plist */,
				C0A4C0CB1AB2DD1200D6439E /* main.m */,
			);
			name = "Supporting Files";
			sourceTree = "<group>";
		};
		C0A4C0E21AB2DD1200D6439E /* ContainerSampleTests */ = {
			isa = PBXGroup;
			children = (
				C0A4C0E51AB2DD1200D6439E /* ContainerSampleTests.m */,
				C0A4C0E31AB2DD1200D6439E /* Supporting Files */,
			);
			path = ContainerSampleTests;
			sourceTree = "<group>";
		};
		C0A4C0E31AB2DD1200D6439E /* Supporting Files */ = {
			isa = PBXGroup;
			children = (
				C0A4C0E41AB2DD1200D6439E /* Info.plist */,
			);
			name = "Supporting Files";
			sourceTree = "<group>";
		};
/* End PBXGroup section */

/* Begin PBXNativeTarget section */
		C0A4C0C51AB2DD1200D6439E /* ContainerSample */ = {
			isa = PBXNativeTarget;
			buildConfigurationList = C0A4C0E91AB2DD1200D6439E /* Build configuration list for PBXNativeTarget "ContainerSample" */;
			buildPhases = (
				C0A4C0C21AB2DD1200D6439E /* Sources */,
				C0A4C0C31AB2DD1200D6439E /* Frameworks */,
				C0A4C0C41AB2DD1200D6439E /* Resources */,
			);
			buildRules = (
			);
			dependencies = (
			);
			name = ContainerSample;
			productName = ContainerSample;
			productReference = C0A4C0C61AB2DD1200D6439E /* ContainerSample.app */;
			productType = "com.apple.product-type.application";
		};
		C0A4C0DE1AB2DD1200D6439E /* ContainerSampleTests */ = {
			isa = PBXNativeTarget;
			buildConfigurationList = C0A4C0EC1AB2DD1200D6439E /* Build configuration list for PBXNativeTarget "ContainerSampleTests" */;
			buildPhases = (
				C0A4C0DB1AB2DD1200D6439E /* Sources */,
				C0A4C0DC1AB2DD1200D6439E /* Frameworks */,
				C0A4C0DD1AB2DD1200D6439E /* Resources */,
			);
			buildRules = (
			);
			dependencies = (
				C0A4C0E11AB2DD1200D6439E /* PBXTargetDependency */,
			);
			name = ContainerSampleTests;
			productName = ContainerSampleTests;
			productReference = C0A4C0DF1AB2DD1200D6439E /* ContainerSampleTests.xctest */;
			productType = "com.apple.product-type.bundle.unit-test";
		};
/* End PBXNativeTarget section */

/* Begin PBXProject section */
		C0A4C0BE1AB2DD1200D6439E /* Project object */ = {
			isa = PBXProject;
			attributes = {
				LastUpgradeCheck = 0620;
				ORGANIZATIONNAME = va034600;
				TargetAttributes = {
					C0A4C0C51AB2DD1200D6439E = {
						CreatedOnToolsVersion = 6.2;
					};
					C0A4C0DE1AB2DD1200D6439E = {
						CreatedOnToolsVersion = 6.2;
						TestTargetID = C0A4C0C51AB2DD1200D6439E;
					};
				};
			};
			buildConfigurationList = C0A4C0C11AB2DD1200D6439E /* Build configuration list for PBXProject "ContainerSample" */;
			compatibilityVersion = "Xcode 3.2";
			developmentRegion = English;
			hasScannedForEncodings = 0;
			knownRegions = (
				en,
				Base,
			);
			mainGroup = C0A4C0BD1AB2DD1200D6439E;
			productRefGroup = C0A4C0C71AB2DD1200D6439E /* Products */;
			projectDirPath = "";
			projectRoot = "";
			targets = (
				C0A4C0C51AB2DD1200D6439E /* ContainerSample */,
				C0A4C0DE1AB2DD1200D6439E /* ContainerSampleTests */,
			);
		};
/* End PBXProject section */

/* Begin PBXResourcesBuildPhase section */
		C0A4C0C41AB2DD1200D6439E /* Resources */ = {
			isa = PBXResourcesBuildPhase;
			buildActionMask = 2147483647;
			files = (
				C0A4C0D51AB2DD1200D6439E /* Main.storyboard in Resources */,
				C0A4C0DA1AB2DD1200D6439E /* LaunchScreen.xib in Resources */,
				C0A4C0D71AB2DD1200D6439E /* Images.xcassets in Resources */,
			);
			runOnlyForDeploymentPostprocessing = 0;
		};
		C0A4C0DD1AB2DD1200D6439E /* Resources */ = {
			isa = PBXResourcesBuildPhase;
			buildActionMask = 2147483647;
			files = (
			);
			runOnlyForDeploymentPostprocessing = 0;
		};
/* End PBXResourcesBuildPhase section */

/* Begin PBXSourcesBuildPhase section */
		C0A4C0C21AB2DD1200D6439E /* Sources */ = {
			isa = PBXSourcesBuildPhase;
			buildActionMask = 2147483647;
			files = (
				C0A4C0D21AB2DD1200D6439E /* ViewController.m in Sources */,
				C0A4C0CF1AB2DD1200D6439E /* AppDelegate.m in Sources */,
				C0A4C0CC1AB2DD1200D6439E /* main.m in Sources */,
			);
			runOnlyForDeploymentPostprocessing = 0;
		};
		C0A4C0DB1AB2DD1200D6439E /* Sources */ = {
			isa = PBXSourcesBuildPhase;
			buildActionMask = 2147483647;
			files = (
				C0A4C0E61AB2DD1200D6439E /* ContainerSampleTests.m in Sources */,
			);
			runOnlyForDeploymentPostprocessing = 0;
		};
/* End PBXSourcesBuildPhase section */

/* Begin PBXTargetDependency section */
		C0A4C0E11AB2DD1200D6439E /* PBXTargetDependency */ = {
			isa = PBXTargetDependency;
			target = C0A4C0C51AB2DD1200D6439E /* ContainerSample */;
			targetProxy = C0A4C0E01AB2DD1200D6439E /* PBXContainerItemProxy */;
		};
/* End PBXTargetDependency section */

/* Begin PBXVariantGroup section */
		C0A4C0D31AB2DD1200D6439E /* Main.storyboard */ = {
			isa = PBXVariantGroup;
			children = (
				C0A4C0D41AB2DD1200D6439E /* Base */,
			);
			name = Main.storyboard;
			sourceTree = "<group>";
		};
		C0A4C0D81AB2DD1200D6439E /* LaunchScreen.xib */ = {
			isa = PBXVariantGroup;
			children = (
				C0A4C0D91AB2DD1200D6439E /* Base */,
			);
			name = LaunchScreen.xib;
			sourceTree = "<group>";
		};
/* End PBXVariantGroup section */

/* Begin XCBuildConfiguration section */
		C0A4C0E71AB2DD1200D6439E /* Debug */ = {
			isa = XCBuildConfiguration;
			buildSettings = {
				ALWAYS_SEARCH_USER_PATHS = NO;
				CLANG_CXX_LANGUAGE_STANDARD = "gnu++0x";
				CLANG_CXX_LIBRARY = "libc++";
				CLANG_ENABLE_MODULES = YES;
				CLANG_ENABLE_OBJC_ARC = YES;
				CLANG_WARN_BOOL_CONVERSION = YES;
				CLANG_WARN_CONSTANT_CONVERSION = YES;
				CLANG_WARN_DIRECT_OBJC_ISA_USAGE = YES_ERROR;
				CLANG_WARN_EMPTY_BODY = YES;
				CLANG_WARN_ENUM_CONVERSION = YES;
				CLANG_WARN_INT_CONVERSION = YES;
				CLANG_WARN_OBJC_ROOT_CLASS = YES_ERROR;
				CLANG_WARN_UNREACHABLE_CODE = YES;
				CLANG_WARN__DUPLICATE_METHOD_MATCH = YES;
				"CODE_SIGN_IDENTITY[sdk=iphoneos*]" = "iPhone Developer";
				COPY_PHASE_STRIP = NO;
				ENABLE_STRICT_OBJC_MSGSEND = YES;
				GCC_C_LANGUAGE_STANDARD = gnu99;
				GCC_DYNAMIC_NO_PIC = NO;
				GCC_OPTIMIZATION_LEVEL = 0;
				GCC_PREPROCESSOR_DEFINITIONS = (
					"DEBUG=1",
					"$(inherited)",
				);
				GCC_SYMBOLS_PRIVATE_EXTERN = NO;
				GCC_WARN_64_TO_32_BIT_CONVERSION = YES;
				GCC_WARN_ABOUT_RETURN_TYPE = YES_ERROR;
				GCC_WARN_UNDECLARED_SELECTOR = YES;
				GCC_WARN_UNINITIALIZED_AUTOS = YES_AGGRESSIVE;
				GCC_WARN_UNUSED_FUNCTION = YES;
				GCC_WARN_UNUSED_VARIABLE = YES;
				IPHONEOS_DEPLOYMENT_TARGET = 8.2;
				MTL_ENABLE_DEBUG_INFO = YES;
				ONLY_ACTIVE_ARCH = YES;
				SDKROOT = iphoneos;
				TARGETED_DEVICE_FAMILY = "1,2";
			};
			name = Debug;
		};
		C0A4C0E81AB2DD1200D6439E /* Release */ = {
			isa = XCBuildConfiguration;
			buildSettings = {
				ALWAYS_SEARCH_USER_PATHS = NO;
				CLANG_CXX_LANGUAGE_STANDARD = "gnu++0x";
				CLANG_CXX_LIBRARY = "libc++";
				CLANG_ENABLE_MODULES = YES;
				CLANG_ENABLE_OBJC_ARC = YES;
				CLANG_WARN_BOOL_CONVERSION = YES;
				CLANG_WARN_CONSTANT_CONVERSION = YES;
				CLANG_WARN_DIRECT_OBJC_ISA_USAGE = YES_ERROR;
				CLANG_WARN_EMPTY_BODY = YES;
				CLANG_WARN_ENUM_CONVERSION = YES;
				CLANG_WARN_INT_CONVERSION = YES;
				CLANG_WARN_OBJC_ROOT_CLASS = YES_ERROR;
				CLANG_WARN_UNREACHABLE_CODE = YES;
				CLANG_WARN__DUPLICATE_METHOD_MATCH = YES;
				"CODE_SIGN_IDENTITY[sdk=iphoneos*]" = "iPhone Developer";
				COPY_PHASE_STRIP = NO;
				ENABLE_NS_ASSERTIONS = NO;
				ENABLE_STRICT_OBJC_MSGSEND = YES;
				GCC_C_LANGUAGE_STANDARD = gnu99;
				GCC_WARN_64_TO_32_BIT_CONVERSION = YES;
				GCC_WARN_ABOUT_RETURN_TYPE = YES_ERROR;
				GCC_WARN_UNDECLARED_SELECTOR = YES;
				GCC_WARN_UNINITIALIZED_AUTOS = YES_AGGRESSIVE;
				GCC_WARN_UNUSED_FUNCTION = YES;
				GCC_WARN_UNUSED_VARIABLE = YES;
				IPHONEOS_DEPLOYMENT_TARGET = 8.2;
				MTL_ENABLE_DEBUG_INFO = NO;
				SDKROOT = iphoneos;
				TARGETED_DEVICE_FAMILY = "1,2";
				VALIDATE_PRODUCT = YES;
			};
			name = Release;
		};
		C0A4C0EA1AB2DD1200D6439E /* Debug */ = {
			isa = XCBuildConfiguration;
			buildSettings = {
				ASSETCATALOG_COMPILER_APPICON_NAME = AppIcon;
				INFOPLIST_FILE = ContainerSample/Info.plist;
				LD_RUNPATH_SEARCH_PATHS = "$(inherited) @executable_path/Frameworks";
				PRODUCT_NAME = "$(TARGET_NAME)";
			};
			name = Debug;
		};
		C0A4C0EB1AB2DD1200D6439E /* Release */ = {
			isa = XCBuildConfiguration;
			buildSettings = {
				ASSETCATALOG_COMPILER_APPICON_NAME = AppIcon;
				INFOPLIST_FILE = ContainerSample/Info.plist;
				LD_RUNPATH_SEARCH_PATHS = "$(inherited) @executable_path/Frameworks";
				PRODUCT_NAME = "$(TARGET_NAME)";
			};
			name = Release;
		};
		C0A4C0ED1AB2DD1200D6439E /* Debug */ = {
			isa = XCBuildConfiguration;
			buildSettings = {
				BUNDLE_LOADER = "$(TEST_HOST)";
				FRAMEWORK_SEARCH_PATHS = (
					"$(SDKROOT)/Developer/Library/Frameworks",
					"$(inherited)",
				);
				GCC_PREPROCESSOR_DEFINITIONS = (
					"DEBUG=1",
					"$(inherited)",
				);
				INFOPLIST_FILE = ContainerSampleTests/Info.plist;
				LD_RUNPATH_SEARCH_PATHS = "$(inherited) @executable_path/Frameworks @loader_path/Frameworks";
				PRODUCT_NAME = "$(TARGET_NAME)";
				TEST_HOST = "$(BUILT_PRODUCTS_DIR)/ContainerSample.app/ContainerSample";
			};
			name = Debug;
		};
		C0A4C0EE1AB2DD1200D6439E /* Release */ = {
			isa = XCBuildConfiguration;
			buildSettings = {
				BUNDLE_LOADER = "$(TEST_HOST)";
				FRAMEWORK_SEARCH_PATHS = (
					"$(SDKROOT)/Developer/Library/Frameworks",
					"$(inherited)",
				);
				INFOPLIST_FILE = ContainerSampleTests/Info.plist;
				LD_RUNPATH_SEARCH_PATHS = "$(inherited) @executable_path/Frameworks @loader_path/Frameworks";
				PRODUCT_NAME = "$(TARGET_NAME)";
				TEST_HOST = "$(BUILT_PRODUCTS_DIR)/ContainerSample.app/ContainerSample";
			};
			name = Release;
		};
/* End XCBuildConfiguration section */

/* Begin XCConfigurationList section */
		C0A4C0C11AB2DD1200D6439E /* Build configuration list for PBXProject "ContainerSample" */ = {
			isa = XCConfigurationList;
			buildConfigurations = (
				C0A4C0E71AB2DD1200D6439E /* Debug */,
				C0A4C0E81AB2DD1200D6439E /* Release */,
			);
			defaultConfigurationIsVisible = 0;
			defaultConfigurationName = Release;
		};
		C0A4C0E91AB2DD1200D6439E /* Build configuration list for PBXNativeTarget "ContainerSample" */ = {
			isa = XCConfigurationList;
			buildConfigurations = (
				C0A4C0EA1AB2DD1200D6439E /* Debug */,
				C0A4C0EB1AB2DD1200D6439E /* Release */,
			);
			defaultConfigurationIsVisible = 0;
		};
		C0A4C0EC1AB2DD1200D6439E /* Build configuration list for PBXNativeTarget "ContainerSampleTests" */ = {
			isa = XCConfigurationList;
			buildConfigurations = (
				C0A4C0ED1AB2DD1200D6439E /* Debug */,
				C0A4C0EE1AB2DD1200D6439E /* Release */,
			);
			defaultConfigurationIsVisible = 0;
		};
/* End XCConfigurationList section */
	};
	rootObject = C0A4C0BE1AB2DD1200D6439E /* Project object */;
}
