// !$*UTF8*$!
{
	archiveVersion = 1;
	classes = {
	};
	objectVersion = 46;
	objects = {

/* Begin PBXBuildFile section */
		C03096971C55B65B0099C539 /* main.m in Sources */ = {isa = PBXBuildFile; fileRef = C03096961C55B65B0099C539 /* main.m */; };
		C030969A1C55B65B0099C539 /* AppDelegate.m in Sources */ = {isa = PBXBuildFile; fileRef = C03096991C55B65B0099C539 /* AppDelegate.m */; };
		C030969D1C55B65B0099C539 /* ViewController.m in Sources */ = {isa = PBXBuildFile; fileRef = C030969C1C55B65B0099C539 /* ViewController.m */; };
		C03096A01C55B65B0099C539 /* Main.storyboard in Resources */ = {isa = PBXBuildFile; fileRef = C030969E1C55B65B0099C539 /* Main.storyboard */; };
		C03096A21C55B65B0099C539 /* Assets.xcassets in Resources */ = {isa = PBXBuildFile; fileRef = C03096A11C55B65B0099C539 /* Assets.xcassets */; };
		C03096A51C55B65B0099C539 /* LaunchScreen.storyboard in Resources */ = {isa = PBXBuildFile; fileRef = C03096A31C55B65B0099C539 /* LaunchScreen.storyboard */; };
		C03096AE1C55B6670099C539 /* ChildViewController.m in Sources */ = {isa = PBXBuildFile; fileRef = C03096AD1C55B6670099C539 /* ChildViewController.m */; };
/* End PBXBuildFile section */

/* Begin PBXFileReference section */
		C03096921C55B65B0099C539 /* PageViewControllerSample.app */ = {isa = PBXFileReference; explicitFileType = wrapper.application; includeInIndex = 0; path = PageViewControllerSample.app; sourceTree = BUILT_PRODUCTS_DIR; };
		C03096961C55B65B0099C539 /* main.m */ = {isa = PBXFileReference; lastKnownFileType = sourcecode.c.objc; path = main.m; sourceTree = "<group>"; };
		C03096981C55B65B0099C539 /* AppDelegate.h */ = {isa = PBXFileReference; lastKnownFileType = sourcecode.c.h; path = AppDelegate.h; sourceTree = "<group>"; };
		C03096991C55B65B0099C539 /* AppDelegate.m */ = {isa = PBXFileReference; lastKnownFileType = sourcecode.c.objc; path = AppDelegate.m; sourceTree = "<group>"; };
		C030969B1C55B65B0099C539 /* ViewController.h */ = {isa = PBXFileReference; lastKnownFileType = sourcecode.c.h; path = ViewController.h; sourceTree = "<group>"; };
		C030969C1C55B65B0099C539 /* ViewController.m */ = {isa = PBXFileReference; lastKnownFileType = sourcecode.c.objc; path = ViewController.m; sourceTree = "<group>"; };
		C030969F1C55B65B0099C539 /* Base */ = {isa = PBXFileReference; lastKnownFileType = file.storyboard; name = Base; path = Base.lproj/Main.storyboard; sourceTree = "<group>"; };
		C03096A11C55B65B0099C539 /* Assets.xcassets */ = {isa = PBXFileReference; lastKnownFileType = folder.assetcatalog; path = Assets.xcassets; sourceTree = "<group>"; };
		C03096A41C55B65B0099C539 /* Base */ = {isa = PBXFileReference; lastKnownFileType = file.storyboard; name = Base; path = Base.lproj/LaunchScreen.storyboard; sourceTree = "<group>"; };
		C03096A61C55B65B0099C539 /* Info.plist */ = {isa = PBXFileReference; lastKnownFileType = text.plist.xml; path = Info.plist; sourceTree = "<group>"; };
		C03096AC1C55B6670099C539 /* ChildViewController.h */ = {isa = PBXFileReference; fileEncoding = 4; lastKnownFileType = sourcecode.c.h; path = ChildViewController.h; sourceTree = "<group>"; };
		C03096AD1C55B6670099C539 /* ChildViewController.m */ = {isa = PBXFileReference; fileEncoding = 4; lastKnownFileType = sourcecode.c.objc; path = ChildViewController.m; sourceTree = "<group>"; };
/* End PBXFileReference section */

/* Begin PBXFrameworksBuildPhase section */
		C030968F1C55B65B0099C539 /* Frameworks */ = {
			isa = PBXFrameworksBuildPhase;
			buildActionMask = 2147483647;
			files = (
			);
			runOnlyForDeploymentPostprocessing = 0;
		};
/* End PBXFrameworksBuildPhase section */

/* Begin PBXGroup section */
		C03096891C55B65B0099C539 = {
			isa = PBXGroup;
			children = (
				C03096941C55B65B0099C539 /* PageViewControllerSample */,
				C03096931C55B65B0099C539 /* Products */,
			);
			sourceTree = "<group>";
		};
		C03096931C55B65B0099C539 /* Products */ = {
			isa = PBXGroup;
			children = (
				C03096921C55B65B0099C539 /* PageViewControllerSample.app */,
			);
			name = Products;
			sourceTree = "<group>";
		};
		C03096941C55B65B0099C539 /* PageViewControllerSample */ = {
			isa = PBXGroup;
			children = (
				C03096981C55B65B0099C539 /* AppDelegate.h */,
				C03096991C55B65B0099C539 /* AppDelegate.m */,
				C030969B1C55B65B0099C539 /* ViewController.h */,
				C030969C1C55B65B0099C539 /* ViewController.m */,
				C030969E1C55B65B0099C539 /* Main.storyboard */,
				C03096AC1C55B6670099C539 /* ChildViewController.h */,
				C03096AD1C55B6670099C539 /* ChildViewController.m */,
				C03096A11C55B65B0099C539 /* Assets.xcassets */,
				C03096A31C55B65B0099C539 /* LaunchScreen.storyboard */,
				C03096A61C55B65B0099C539 /* Info.plist */,
				C03096951C55B65B0099C539 /* Supporting Files */,
			);
			path = PageViewControllerSample;
			sourceTree = "<group>";
		};
		C03096951C55B65B0099C539 /* Supporting Files */ = {
			isa = PBXGroup;
			children = (
				C03096961C55B65B0099C539 /* main.m */,
			);
			name = "Supporting Files";
			sourceTree = "<group>";
		};
/* End PBXGroup section */

/* Begin PBXNativeTarget section */
		C03096911C55B65B0099C539 /* PageViewControllerSample */ = {
			isa = PBXNativeTarget;
			buildConfigurationList = C03096A91C55B65B0099C539 /* Build configuration list for PBXNativeTarget "PageViewControllerSample" */;
			buildPhases = (
				C030968E1C55B65B0099C539 /* Sources */,
				C030968F1C55B65B0099C539 /* Frameworks */,
				C03096901C55B65B0099C539 /* Resources */,
			);
			buildRules = (
			);
			dependencies = (
			);
			name = PageViewControllerSample;
			productName = PageViewControllerSample;
			productReference = C03096921C55B65B0099C539 /* PageViewControllerSample.app */;
			productType = "com.apple.product-type.application";
		};
/* End PBXNativeTarget section */

/* Begin PBXProject section */
		C030968A1C55B65B0099C539 /* Project object */ = {
			isa = PBXProject;
			attributes = {
				LastUpgradeCheck = 0720;
				ORGANIZATIONNAME = eu;
				TargetAttributes = {
					C03096911C55B65B0099C539 = {
						CreatedOnToolsVersion = 7.2;
					};
				};
			};
			buildConfigurationList = C030968D1C55B65B0099C539 /* Build configuration list for PBXProject "PageViewControllerSample" */;
			compatibilityVersion = "Xcode 3.2";
			developmentRegion = English;
			hasScannedForEncodings = 0;
			knownRegions = (
				en,
				Base,
			);
			mainGroup = C03096891C55B65B0099C539;
			productRefGroup = C03096931C55B65B0099C539 /* Products */;
			projectDirPath = "";
			projectRoot = "";
			targets = (
				C03096911C55B65B0099C539 /* PageViewControllerSample */,
			);
		};
/* End PBXProject section */

/* Begin PBXResourcesBuildPhase section */
		C03096901C55B65B0099C539 /* Resources */ = {
			isa = PBXResourcesBuildPhase;
			buildActionMask = 2147483647;
			files = (
				C03096A51C55B65B0099C539 /* LaunchScreen.storyboard in Resources */,
				C03096A21C55B65B0099C539 /* Assets.xcassets in Resources */,
				C03096A01C55B65B0099C539 /* Main.storyboard in Resources */,
			);
			runOnlyForDeploymentPostprocessing = 0;
		};
/* End PBXResourcesBuildPhase section */

/* Begin PBXSourcesBuildPhase section */
		C030968E1C55B65B0099C539 /* Sources */ = {
			isa = PBXSourcesBuildPhase;
			buildActionMask = 2147483647;
			files = (
				C030969D1C55B65B0099C539 /* ViewController.m in Sources */,
				C030969A1C55B65B0099C539 /* AppDelegate.m in Sources */,
				C03096971C55B65B0099C539 /* main.m in Sources */,
				C03096AE1C55B6670099C539 /* ChildViewController.m in Sources */,
			);
			runOnlyForDeploymentPostprocessing = 0;
		};
/* End PBXSourcesBuildPhase section */

/* Begin PBXVariantGroup section */
		C030969E1C55B65B0099C539 /* Main.storyboard */ = {
			isa = PBXVariantGroup;
			children = (
				C030969F1C55B65B0099C539 /* Base */,
			);
			name = Main.storyboard;
			sourceTree = "<group>";
		};
		C03096A31C55B65B0099C539 /* LaunchScreen.storyboard */ = {
			isa = PBXVariantGroup;
			children = (
				C03096A41C55B65B0099C539 /* Base */,
			);
			name = LaunchScreen.storyboard;
			sourceTree = "<group>";
		};
/* End PBXVariantGroup section */

/* Begin XCBuildConfiguration section */
		C03096A71C55B65B0099C539 /* Debug */ = {
			isa = XCBuildConfiguration;
			buildSettings = {
				ALWAYS_SEARCH_USER_PATHS = NO;
				CLANG_CXX_LANGUAGE_STANDARD = "gnu++0x";
				CLANG_CXX_LIBRARY = "libc++";
				CLANG_ENABLE_MODULES = YES;
				CLANG_ENABLE_OBJC_ARC = YES;
				CLANG_WARN_BOOL_CONVERSION = YES;
				CLANG_WARN_CONSTANT_CONVERSION = YES;
				CLANG_WARN_DIRECT_OBJC_ISA_USAGE = YES_ERROR;
				CLANG_WARN_EMPTY_BODY = YES;
				CLANG_WARN_ENUM_CONVERSION = YES;
				CLANG_WARN_INT_CONVERSION = YES;
				CLANG_WARN_OBJC_ROOT_CLASS = YES_ERROR;
				CLANG_WARN_UNREACHABLE_CODE = YES;
				CLANG_WARN__DUPLICATE_METHOD_MATCH = YES;
				"CODE_SIGN_IDENTITY[sdk=iphoneos*]" = "iPhone Developer";
				COPY_PHASE_STRIP = NO;
				DEBUG_INFORMATION_FORMAT = dwarf;
				ENABLE_STRICT_OBJC_MSGSEND = YES;
				ENABLE_TESTABILITY = YES;
				GCC_C_LANGUAGE_STANDARD = gnu99;
				GCC_DYNAMIC_NO_PIC = NO;
				GCC_NO_COMMON_BLOCKS = YES;
				GCC_OPTIMIZATION_LEVEL = 0;
				GCC_PREPROCESSOR_DEFINITIONS = (
					"DEBUG=1",
					"$(inherited)",
				);
				GCC_WARN_64_TO_32_BIT_CONVERSION = YES;
				GCC_WARN_ABOUT_RETURN_TYPE = YES_ERROR;
				GCC_WARN_UNDECLARED_SELECTOR = YES;
				GCC_WARN_UNINITIALIZED_AUTOS = YES_AGGRESSIVE;
				GCC_WARN_UNUSED_FUNCTION = YES;
				GCC_WARN_UNUSED_VARIABLE = YES;
				IPHONEOS_DEPLOYMENT_TARGET = 9.2;
				MTL_ENABLE_DEBUG_INFO = YES;
				ONLY_ACTIVE_ARCH = YES;
				SDKROOT = iphoneos;
				TARGETED_DEVICE_FAMILY = "1,2";
			};
			name = Debug;
		};
		C03096A81C55B65B0099C539 /* Release */ = {
			isa = XCBuildConfiguration;
			buildSettings = {
				ALWAYS_SEARCH_USER_PATHS = NO;
				CLANG_CXX_LANGUAGE_STANDARD = "gnu++0x";
				CLANG_CXX_LIBRARY = "libc++";
				CLANG_ENABLE_MODULES = YES;
				CLANG_ENABLE_OBJC_ARC = YES;
				CLANG_WARN_BOOL_CONVERSION = YES;
				CLANG_WARN_CONSTANT_CONVERSION = YES;
				CLANG_WARN_DIRECT_OBJC_ISA_USAGE = YES_ERROR;
				CLANG_WARN_EMPTY_BODY = YES;
				CLANG_WARN_ENUM_CONVERSION = YES;
				CLANG_WARN_INT_CONVERSION = YES;
				CLANG_WARN_OBJC_ROOT_CLASS = YES_ERROR;
				CLANG_WARN_UNREACHABLE_CODE = YES;
				CLANG_WARN__DUPLICATE_METHOD_MATCH = YES;
				"CODE_SIGN_IDENTITY[sdk=iphoneos*]" = "iPhone Developer";
				COPY_PHASE_STRIP = NO;
				DEBUG_INFORMATION_FORMAT = "dwarf-with-dsym";
				ENABLE_NS_ASSERTIONS = NO;
				ENABLE_STRICT_OBJC_MSGSEND = YES;
				GCC_C_LANGUAGE_STANDARD = gnu99;
				GCC_NO_COMMON_BLOCKS = YES;
				GCC_WARN_64_TO_32_BIT_CONVERSION = YES;
				GCC_WARN_ABOUT_RETURN_TYPE = YES_ERROR;
				GCC_WARN_UNDECLARED_SELECTOR = YES;
				GCC_WARN_UNINITIALIZED_AUTOS = YES_AGGRESSIVE;
				GCC_WARN_UNUSED_FUNCTION = YES;
				GCC_WARN_UNUSED_VARIABLE = YES;
				IPHONEOS_DEPLOYMENT_TARGET = 9.2;
				MTL_ENABLE_DEBUG_INFO = NO;
				SDKROOT = iphoneos;
				TARGETED_DEVICE_FAMILY = "1,2";
				VALIDATE_PRODUCT = YES;
			};
			name = Release;
		};
		C03096AA1C55B65B0099C539 /* Debug */ = {
			isa = XCBuildConfiguration;
			buildSettings = {
				ASSETCATALOG_COMPILER_APPICON_NAME = AppIcon;
				INFOPLIST_FILE = PageViewControllerSample/Info.plist;
				LD_RUNPATH_SEARCH_PATHS = "$(inherited) @executable_path/Frameworks";
				PRODUCT_BUNDLE_IDENTIFIER = com.gmail.va034600.PageViewControllerSample;
				PRODUCT_NAME = "$(TARGET_NAME)";
			};
			name = Debug;
		};
		C03096AB1C55B65B0099C539 /* Release */ = {
			isa = XCBuildConfiguration;
			buildSettings = {
				ASSETCATALOG_COMPILER_APPICON_NAME = AppIcon;
				INFOPLIST_FILE = PageViewControllerSample/Info.plist;
				LD_RUNPATH_SEARCH_PATHS = "$(inherited) @executable_path/Frameworks";
				PRODUCT_BUNDLE_IDENTIFIER = com.gmail.va034600.PageViewControllerSample;
				PRODUCT_NAME = "$(TARGET_NAME)";
			};
			name = Release;
		};
/* End XCBuildConfiguration section */

/* Begin XCConfigurationList section */
		C030968D1C55B65B0099C539 /* Build configuration list for PBXProject "PageViewControllerSample" */ = {
			isa = XCConfigurationList;
			buildConfigurations = (
				C03096A71C55B65B0099C539 /* Debug */,
				C03096A81C55B65B0099C539 /* Release */,
			);
			defaultConfigurationIsVisible = 0;
			defaultConfigurationName = Release;
		};
		C03096A91C55B65B0099C539 /* Build configuration list for PBXNativeTarget "PageViewControllerSample" */ = {
			isa = XCConfigurationList;
			buildConfigurations = (
				C03096AA1C55B65B0099C539 /* Debug */,
				C03096AB1C55B65B0099C539 /* Release */,
			);
			defaultConfigurationIsVisible = 0;
		};
/* End XCConfigurationList section */
	};
	rootObject = C030968A1C55B65B0099C539 /* Project object */;
}
