// !$*UTF8*$!
{
	archiveVersion = 1;
	classes = {
	};
	objectVersion = 46;
	objects = {

/* Begin PBXBuildFile section */
		C0FA5D711B2CE4BC009CA65D /* main.m in Sources */ = {isa = PBXBuildFile; fileRef = C0FA5D701B2CE4BC009CA65D /* main.m */; };
		C0FA5D741B2CE4BC009CA65D /* AppDelegate.m in Sources */ = {isa = PBXBuildFile; fileRef = C0FA5D731B2CE4BC009CA65D /* AppDelegate.m */; };
		C0FA5D771B2CE4BC009CA65D /* ViewController.m in Sources */ = {isa = PBXBuildFile; fileRef = C0FA5D761B2CE4BC009CA65D /* ViewController.m */; };
		C0FA5D7A1B2CE4BC009CA65D /* Main.storyboard in Resources */ = {isa = PBXBuildFile; fileRef = C0FA5D781B2CE4BC009CA65D /* Main.storyboard */; };
		C0FA5D7C1B2CE4BC009CA65D /* Images.xcassets in Resources */ = {isa = PBXBuildFile; fileRef = C0FA5D7B1B2CE4BC009CA65D /* Images.xcassets */; };
		C0FA5D7F1B2CE4BC009CA65D /* LaunchScreen.xib in Resources */ = {isa = PBXBuildFile; fileRef = C0FA5D7D1B2CE4BC009CA65D /* LaunchScreen.xib */; };
		C0FA5D8B1B2CE4BC009CA65D /* PresentationControllerSampleTests.m in Sources */ = {isa = PBXBuildFile; fileRef = C0FA5D8A1B2CE4BC009CA65D /* PresentationControllerSampleTests.m */; };
		C0FA5D961B2CE5AA009CA65D /* NextViewController.m in Sources */ = {isa = PBXBuildFile; fileRef = C0FA5D951B2CE5AA009CA65D /* NextViewController.m */; };
		C0FA5D991B2CE7F5009CA65D /* NextPresentationController.m in Sources */ = {isa = PBXBuildFile; fileRef = C0FA5D981B2CE7F5009CA65D /* NextPresentationController.m */; };
/* End PBXBuildFile section */

/* Begin PBXContainerItemProxy section */
		C0FA5D851B2CE4BC009CA65D /* PBXContainerItemProxy */ = {
			isa = PBXContainerItemProxy;
			containerPortal = C0FA5D631B2CE4BC009CA65D /* Project object */;
			proxyType = 1;
			remoteGlobalIDString = C0FA5D6A1B2CE4BC009CA65D;
			remoteInfo = PresentationControllerSample;
		};
/* End PBXContainerItemProxy section */

/* Begin PBXFileReference section */
		C0FA5D6B1B2CE4BC009CA65D /* PresentationControllerSample.app */ = {isa = PBXFileReference; explicitFileType = wrapper.application; includeInIndex = 0; path = PresentationControllerSample.app; sourceTree = BUILT_PRODUCTS_DIR; };
		C0FA5D6F1B2CE4BC009CA65D /* Info.plist */ = {isa = PBXFileReference; lastKnownFileType = text.plist.xml; path = Info.plist; sourceTree = "<group>"; };
		C0FA5D701B2CE4BC009CA65D /* main.m */ = {isa = PBXFileReference; lastKnownFileType = sourcecode.c.objc; path = main.m; sourceTree = "<group>"; };
		C0FA5D721B2CE4BC009CA65D /* AppDelegate.h */ = {isa = PBXFileReference; lastKnownFileType = sourcecode.c.h; path = AppDelegate.h; sourceTree = "<group>"; };
		C0FA5D731B2CE4BC009CA65D /* AppDelegate.m */ = {isa = PBXFileReference; lastKnownFileType = sourcecode.c.objc; path = AppDelegate.m; sourceTree = "<group>"; };
		C0FA5D751B2CE4BC009CA65D /* ViewController.h */ = {isa = PBXFileReference; lastKnownFileType = sourcecode.c.h; path = ViewController.h; sourceTree = "<group>"; };
		C0FA5D761B2CE4BC009CA65D /* ViewController.m */ = {isa = PBXFileReference; lastKnownFileType = sourcecode.c.objc; path = ViewController.m; sourceTree = "<group>"; };
		C0FA5D791B2CE4BC009CA65D /* Base */ = {isa = PBXFileReference; lastKnownFileType = file.storyboard; name = Base; path = Base.lproj/Main.storyboard; sourceTree = "<group>"; };
		C0FA5D7B1B2CE4BC009CA65D /* Images.xcassets */ = {isa = PBXFileReference; lastKnownFileType = folder.assetcatalog; path = Images.xcassets; sourceTree = "<group>"; };
		C0FA5D7E1B2CE4BC009CA65D /* Base */ = {isa = PBXFileReference; lastKnownFileType = file.xib; name = Base; path = Base.lproj/LaunchScreen.xib; sourceTree = "<group>"; };
		C0FA5D841B2CE4BC009CA65D /* PresentationControllerSampleTests.xctest */ = {isa = PBXFileReference; explicitFileType = wrapper.cfbundle; includeInIndex = 0; path = PresentationControllerSampleTests.xctest; sourceTree = BUILT_PRODUCTS_DIR; };
		C0FA5D891B2CE4BC009CA65D /* Info.plist */ = {isa = PBXFileReference; lastKnownFileType = text.plist.xml; path = Info.plist; sourceTree = "<group>"; };
		C0FA5D8A1B2CE4BC009CA65D /* PresentationControllerSampleTests.m */ = {isa = PBXFileReference; lastKnownFileType = sourcecode.c.objc; path = PresentationControllerSampleTests.m; sourceTree = "<group>"; };
		C0FA5D941B2CE5AA009CA65D /* NextViewController.h */ = {isa = PBXFileReference; fileEncoding = 4; lastKnownFileType = sourcecode.c.h; path = NextViewController.h; sourceTree = "<group>"; };
		C0FA5D951B2CE5AA009CA65D /* NextViewController.m */ = {isa = PBXFileReference; fileEncoding = 4; lastKnownFileType = sourcecode.c.objc; path = NextViewController.m; sourceTree = "<group>"; };
		C0FA5D971B2CE7F5009CA65D /* NextPresentationController.h */ = {isa = PBXFileReference; fileEncoding = 4; lastKnownFileType = sourcecode.c.h; path = NextPresentationController.h; sourceTree = "<group>"; };
		C0FA5D981B2CE7F5009CA65D /* NextPresentationController.m */ = {isa = PBXFileReference; fileEncoding = 4; lastKnownFileType = sourcecode.c.objc; path = NextPresentationController.m; sourceTree = "<group>"; };
/* End PBXFileReference section */

/* Begin PBXFrameworksBuildPhase section */
		C0FA5D681B2CE4BC009CA65D /* Frameworks */ = {
			isa = PBXFrameworksBuildPhase;
			buildActionMask = 2147483647;
			files = (
			);
			runOnlyForDeploymentPostprocessing = 0;
		};
		C0FA5D811B2CE4BC009CA65D /* Frameworks */ = {
			isa = PBXFrameworksBuildPhase;
			buildActionMask = 2147483647;
			files = (
			);
			runOnlyForDeploymentPostprocessing = 0;
		};
/* End PBXFrameworksBuildPhase section */

/* Begin PBXGroup section */
		C0FA5D621B2CE4BC009CA65D = {
			isa = PBXGroup;
			children = (
				C0FA5D6D1B2CE4BC009CA65D /* PresentationControllerSample */,
				C0FA5D871B2CE4BC009CA65D /* PresentationControllerSampleTests */,
				C0FA5D6C1B2CE4BC009CA65D /* Products */,
			);
			sourceTree = "<group>";
		};
		C0FA5D6C1B2CE4BC009CA65D /* Products */ = {
			isa = PBXGroup;
			children = (
				C0FA5D6B1B2CE4BC009CA65D /* PresentationControllerSample.app */,
				C0FA5D841B2CE4BC009CA65D /* PresentationControllerSampleTests.xctest */,
			);
			name = Products;
			sourceTree = "<group>";
		};
		C0FA5D6D1B2CE4BC009CA65D /* PresentationControllerSample */ = {
			isa = PBXGroup;
			children = (
				C0FA5D721B2CE4BC009CA65D /* AppDelegate.h */,
				C0FA5D731B2CE4BC009CA65D /* AppDelegate.m */,
				C0FA5D751B2CE4BC009CA65D /* ViewController.h */,
				C0FA5D761B2CE4BC009CA65D /* ViewController.m */,
				C0FA5D941B2CE5AA009CA65D /* NextViewController.h */,
				C0FA5D951B2CE5AA009CA65D /* NextViewController.m */,
				C0FA5D971B2CE7F5009CA65D /* NextPresentationController.h */,
				C0FA5D981B2CE7F5009CA65D /* NextPresentationController.m */,
				C0FA5D781B2CE4BC009CA65D /* Main.storyboard */,
				C0FA5D7B1B2CE4BC009CA65D /* Images.xcassets */,
				C0FA5D7D1B2CE4BC009CA65D /* LaunchScreen.xib */,
				C0FA5D6E1B2CE4BC009CA65D /* Supporting Files */,
			);
			path = PresentationControllerSample;
			sourceTree = "<group>";
		};
		C0FA5D6E1B2CE4BC009CA65D /* Supporting Files */ = {
			isa = PBXGroup;
			children = (
				C0FA5D6F1B2CE4BC009CA65D /* Info.plist */,
				C0FA5D701B2CE4BC009CA65D /* main.m */,
			);
			name = "Supporting Files";
			sourceTree = "<group>";
		};
		C0FA5D871B2CE4BC009CA65D /* PresentationControllerSampleTests */ = {
			isa = PBXGroup;
			children = (
				C0FA5D8A1B2CE4BC009CA65D /* PresentationControllerSampleTests.m */,
				C0FA5D881B2CE4BC009CA65D /* Supporting Files */,
			);
			path = PresentationControllerSampleTests;
			sourceTree = "<group>";
		};
		C0FA5D881B2CE4BC009CA65D /* Supporting Files */ = {
			isa = PBXGroup;
			children = (
				C0FA5D891B2CE4BC009CA65D /* Info.plist */,
			);
			name = "Supporting Files";
			sourceTree = "<group>";
		};
/* End PBXGroup section */

/* Begin PBXNativeTarget section */
		C0FA5D6A1B2CE4BC009CA65D /* PresentationControllerSample */ = {
			isa = PBXNativeTarget;
			buildConfigurationList = C0FA5D8E1B2CE4BC009CA65D /* Build configuration list for PBXNativeTarget "PresentationControllerSample" */;
			buildPhases = (
				C0FA5D671B2CE4BC009CA65D /* Sources */,
				C0FA5D681B2CE4BC009CA65D /* Frameworks */,
				C0FA5D691B2CE4BC009CA65D /* Resources */,
			);
			buildRules = (
			);
			dependencies = (
			);
			name = PresentationControllerSample;
			productName = PresentationControllerSample;
			productReference = C0FA5D6B1B2CE4BC009CA65D /* PresentationControllerSample.app */;
			productType = "com.apple.product-type.application";
		};
		C0FA5D831B2CE4BC009CA65D /* PresentationControllerSampleTests */ = {
			isa = PBXNativeTarget;
			buildConfigurationList = C0FA5D911B2CE4BC009CA65D /* Build configuration list for PBXNativeTarget "PresentationControllerSampleTests" */;
			buildPhases = (
				C0FA5D801B2CE4BC009CA65D /* Sources */,
				C0FA5D811B2CE4BC009CA65D /* Frameworks */,
				C0FA5D821B2CE4BC009CA65D /* Resources */,
			);
			buildRules = (
			);
			dependencies = (
				C0FA5D861B2CE4BC009CA65D /* PBXTargetDependency */,
			);
			name = PresentationControllerSampleTests;
			productName = PresentationControllerSampleTests;
			productReference = C0FA5D841B2CE4BC009CA65D /* PresentationControllerSampleTests.xctest */;
			productType = "com.apple.product-type.bundle.unit-test";
		};
/* End PBXNativeTarget section */

/* Begin PBXProject section */
		C0FA5D631B2CE4BC009CA65D /* Project object */ = {
			isa = PBXProject;
			attributes = {
				LastUpgradeCheck = 0630;
				ORGANIZATIONNAME = va034600;
				TargetAttributes = {
					C0FA5D6A1B2CE4BC009CA65D = {
						CreatedOnToolsVersion = 6.3.2;
					};
					C0FA5D831B2CE4BC009CA65D = {
						CreatedOnToolsVersion = 6.3.2;
						TestTargetID = C0FA5D6A1B2CE4BC009CA65D;
					};
				};
			};
			buildConfigurationList = C0FA5D661B2CE4BC009CA65D /* Build configuration list for PBXProject "PresentationControllerSample" */;
			compatibilityVersion = "Xcode 3.2";
			developmentRegion = English;
			hasScannedForEncodings = 0;
			knownRegions = (
				en,
				Base,
			);
			mainGroup = C0FA5D621B2CE4BC009CA65D;
			productRefGroup = C0FA5D6C1B2CE4BC009CA65D /* Products */;
			projectDirPath = "";
			projectRoot = "";
			targets = (
				C0FA5D6A1B2CE4BC009CA65D /* PresentationControllerSample */,
				C0FA5D831B2CE4BC009CA65D /* PresentationControllerSampleTests */,
			);
		};
/* End PBXProject section */

/* Begin PBXResourcesBuildPhase section */
		C0FA5D691B2CE4BC009CA65D /* Resources */ = {
			isa = PBXResourcesBuildPhase;
			buildActionMask = 2147483647;
			files = (
				C0FA5D7A1B2CE4BC009CA65D /* Main.storyboard in Resources */,
				C0FA5D7F1B2CE4BC009CA65D /* LaunchScreen.xib in Resources */,
				C0FA5D7C1B2CE4BC009CA65D /* Images.xcassets in Resources */,
			);
			runOnlyForDeploymentPostprocessing = 0;
		};
		C0FA5D821B2CE4BC009CA65D /* Resources */ = {
			isa = PBXResourcesBuildPhase;
			buildActionMask = 2147483647;
			files = (
			);
			runOnlyForDeploymentPostprocessing = 0;
		};
/* End PBXResourcesBuildPhase section */

/* Begin PBXSourcesBuildPhase section */
		C0FA5D671B2CE4BC009CA65D /* Sources */ = {
			isa = PBXSourcesBuildPhase;
			buildActionMask = 2147483647;
			files = (
				C0FA5D991B2CE7F5009CA65D /* NextPresentationController.m in Sources */,
				C0FA5D771B2CE4BC009CA65D /* ViewController.m in Sources */,
				C0FA5D961B2CE5AA009CA65D /* NextViewController.m in Sources */,
				C0FA5D741B2CE4BC009CA65D /* AppDelegate.m in Sources */,
				C0FA5D711B2CE4BC009CA65D /* main.m in Sources */,
			);
			runOnlyForDeploymentPostprocessing = 0;
		};
		C0FA5D801B2CE4BC009CA65D /* Sources */ = {
			isa = PBXSourcesBuildPhase;
			buildActionMask = 2147483647;
			files = (
				C0FA5D8B1B2CE4BC009CA65D /* PresentationControllerSampleTests.m in Sources */,
			);
			runOnlyForDeploymentPostprocessing = 0;
		};
/* End PBXSourcesBuildPhase section */

/* Begin PBXTargetDependency section */
		C0FA5D861B2CE4BC009CA65D /* PBXTargetDependency */ = {
			isa = PBXTargetDependency;
			target = C0FA5D6A1B2CE4BC009CA65D /* PresentationControllerSample */;
			targetProxy = C0FA5D851B2CE4BC009CA65D /* PBXContainerItemProxy */;
		};
/* End PBXTargetDependency section */

/* Begin PBXVariantGroup section */
		C0FA5D781B2CE4BC009CA65D /* Main.storyboard */ = {
			isa = PBXVariantGroup;
			children = (
				C0FA5D791B2CE4BC009CA65D /* Base */,
			);
			name = Main.storyboard;
			sourceTree = "<group>";
		};
		C0FA5D7D1B2CE4BC009CA65D /* LaunchScreen.xib */ = {
			isa = PBXVariantGroup;
			children = (
				C0FA5D7E1B2CE4BC009CA65D /* Base */,
			);
			name = LaunchScreen.xib;
			sourceTree = "<group>";
		};
/* End PBXVariantGroup section */

/* Begin XCBuildConfiguration section */
		C0FA5D8C1B2CE4BC009CA65D /* Debug */ = {
			isa = XCBuildConfiguration;
			buildSettings = {
				ALWAYS_SEARCH_USER_PATHS = NO;
				CLANG_CXX_LANGUAGE_STANDARD = "gnu++0x";
				CLANG_CXX_LIBRARY = "libc++";
				CLANG_ENABLE_MODULES = YES;
				CLANG_ENABLE_OBJC_ARC = YES;
				CLANG_WARN_BOOL_CONVERSION = YES;
				CLANG_WARN_CONSTANT_CONVERSION = YES;
				CLANG_WARN_DIRECT_OBJC_ISA_USAGE = YES_ERROR;
				CLANG_WARN_EMPTY_BODY = YES;
				CLANG_WARN_ENUM_CONVERSION = YES;
				CLANG_WARN_INT_CONVERSION = YES;
				CLANG_WARN_OBJC_ROOT_CLASS = YES_ERROR;
				CLANG_WARN_UNREACHABLE_CODE = YES;
				CLANG_WARN__DUPLICATE_METHOD_MATCH = YES;
				"CODE_SIGN_IDENTITY[sdk=iphoneos*]" = "iPhone Developer";
				COPY_PHASE_STRIP = NO;
				DEBUG_INFORMATION_FORMAT = "dwarf-with-dsym";
				ENABLE_STRICT_OBJC_MSGSEND = YES;
				GCC_C_LANGUAGE_STANDARD = gnu99;
				GCC_DYNAMIC_NO_PIC = NO;
				GCC_NO_COMMON_BLOCKS = YES;
				GCC_OPTIMIZATION_LEVEL = 0;
				GCC_PREPROCESSOR_DEFINITIONS = (
					"DEBUG=1",
					"$(inherited)",
				);
				GCC_SYMBOLS_PRIVATE_EXTERN = NO;
				GCC_WARN_64_TO_32_BIT_CONVERSION = YES;
				GCC_WARN_ABOUT_RETURN_TYPE = YES_ERROR;
				GCC_WARN_UNDECLARED_SELECTOR = YES;
				GCC_WARN_UNINITIALIZED_AUTOS = YES_AGGRESSIVE;
				GCC_WARN_UNUSED_FUNCTION = YES;
				GCC_WARN_UNUSED_VARIABLE = YES;
				IPHONEOS_DEPLOYMENT_TARGET = 8.3;
				MTL_ENABLE_DEBUG_INFO = YES;
				ONLY_ACTIVE_ARCH = YES;
				SDKROOT = iphoneos;
				TARGETED_DEVICE_FAMILY = "1,2";
			};
			name = Debug;
		};
		C0FA5D8D1B2CE4BC009CA65D /* Release */ = {
			isa = XCBuildConfiguration;
			buildSettings = {
				ALWAYS_SEARCH_USER_PATHS = NO;
				CLANG_CXX_LANGUAGE_STANDARD = "gnu++0x";
				CLANG_CXX_LIBRARY = "libc++";
				CLANG_ENABLE_MODULES = YES;
				CLANG_ENABLE_OBJC_ARC = YES;
				CLANG_WARN_BOOL_CONVERSION = YES;
				CLANG_WARN_CONSTANT_CONVERSION = YES;
				CLANG_WARN_DIRECT_OBJC_ISA_USAGE = YES_ERROR;
				CLANG_WARN_EMPTY_BODY = YES;
				CLANG_WARN_ENUM_CONVERSION = YES;
				CLANG_WARN_INT_CONVERSION = YES;
				CLANG_WARN_OBJC_ROOT_CLASS = YES_ERROR;
				CLANG_WARN_UNREACHABLE_CODE = YES;
				CLANG_WARN__DUPLICATE_METHOD_MATCH = YES;
				"CODE_SIGN_IDENTITY[sdk=iphoneos*]" = "iPhone Developer";
				COPY_PHASE_STRIP = NO;
				DEBUG_INFORMATION_FORMAT = "dwarf-with-dsym";
				ENABLE_NS_ASSERTIONS = NO;
				ENABLE_STRICT_OBJC_MSGSEND = YES;
				GCC_C_LANGUAGE_STANDARD = gnu99;
				GCC_NO_COMMON_BLOCKS = YES;
				GCC_WARN_64_TO_32_BIT_CONVERSION = YES;
				GCC_WARN_ABOUT_RETURN_TYPE = YES_ERROR;
				GCC_WARN_UNDECLARED_SELECTOR = YES;
				GCC_WARN_UNINITIALIZED_AUTOS = YES_AGGRESSIVE;
				GCC_WARN_UNUSED_FUNCTION = YES;
				GCC_WARN_UNUSED_VARIABLE = YES;
				IPHONEOS_DEPLOYMENT_TARGET = 8.3;
				MTL_ENABLE_DEBUG_INFO = NO;
				SDKROOT = iphoneos;
				TARGETED_DEVICE_FAMILY = "1,2";
				VALIDATE_PRODUCT = YES;
			};
			name = Release;
		};
		C0FA5D8F1B2CE4BC009CA65D /* Debug */ = {
			isa = XCBuildConfiguration;
			buildSettings = {
				ASSETCATALOG_COMPILER_APPICON_NAME = AppIcon;
				INFOPLIST_FILE = PresentationControllerSample/Info.plist;
				LD_RUNPATH_SEARCH_PATHS = "$(inherited) @executable_path/Frameworks";
				PRODUCT_NAME = "$(TARGET_NAME)";
			};
			name = Debug;
		};
		C0FA5D901B2CE4BC009CA65D /* Release */ = {
			isa = XCBuildConfiguration;
			buildSettings = {
				ASSETCATALOG_COMPILER_APPICON_NAME = AppIcon;
				INFOPLIST_FILE = PresentationControllerSample/Info.plist;
				LD_RUNPATH_SEARCH_PATHS = "$(inherited) @executable_path/Frameworks";
				PRODUCT_NAME = "$(TARGET_NAME)";
			};
			name = Release;
		};
		C0FA5D921B2CE4BC009CA65D /* Debug */ = {
			isa = XCBuildConfiguration;
			buildSettings = {
				BUNDLE_LOADER = "$(TEST_HOST)";
				FRAMEWORK_SEARCH_PATHS = (
					"$(SDKROOT)/Developer/Library/Frameworks",
					"$(inherited)",
				);
				GCC_PREPROCESSOR_DEFINITIONS = (
					"DEBUG=1",
					"$(inherited)",
				);
				INFOPLIST_FILE = PresentationControllerSampleTests/Info.plist;
				LD_RUNPATH_SEARCH_PATHS = "$(inherited) @executable_path/Frameworks @loader_path/Frameworks";
				PRODUCT_NAME = "$(TARGET_NAME)";
				TEST_HOST = "$(BUILT_PRODUCTS_DIR)/PresentationControllerSample.app/PresentationControllerSample";
			};
			name = Debug;
		};
		C0FA5D931B2CE4BC009CA65D /* Release */ = {
			isa = XCBuildConfiguration;
			buildSettings = {
				BUNDLE_LOADER = "$(TEST_HOST)";
				FRAMEWORK_SEARCH_PATHS = (
					"$(SDKROOT)/Developer/Library/Frameworks",
					"$(inherited)",
				);
				INFOPLIST_FILE = PresentationControllerSampleTests/Info.plist;
				LD_RUNPATH_SEARCH_PATHS = "$(inherited) @executable_path/Frameworks @loader_path/Frameworks";
				PRODUCT_NAME = "$(TARGET_NAME)";
				TEST_HOST = "$(BUILT_PRODUCTS_DIR)/PresentationControllerSample.app/PresentationControllerSample";
			};
			name = Release;
		};
/* End XCBuildConfiguration section */

/* Begin XCConfigurationList section */
		C0FA5D661B2CE4BC009CA65D /* Build configuration list for PBXProject "PresentationControllerSample" */ = {
			isa = XCConfigurationList;
			buildConfigurations = (
				C0FA5D8C1B2CE4BC009CA65D /* Debug */,
				C0FA5D8D1B2CE4BC009CA65D /* Release */,
			);
			defaultConfigurationIsVisible = 0;
			defaultConfigurationName = Release;
		};
		C0FA5D8E1B2CE4BC009CA65D /* Build configuration list for PBXNativeTarget "PresentationControllerSample" */ = {
			isa = XCConfigurationList;
			buildConfigurations = (
				C0FA5D8F1B2CE4BC009CA65D /* Debug */,
				C0FA5D901B2CE4BC009CA65D /* Release */,
			);
			defaultConfigurationIsVisible = 0;
		};
		C0FA5D911B2CE4BC009CA65D /* Build configuration list for PBXNativeTarget "PresentationControllerSampleTests" */ = {
			isa = XCConfigurationList;
			buildConfigurations = (
				C0FA5D921B2CE4BC009CA65D /* Debug */,
				C0FA5D931B2CE4BC009CA65D /* Release */,
			);
			defaultConfigurationIsVisible = 0;
		};
/* End XCConfigurationList section */
	};
	rootObject = C0FA5D631B2CE4BC009CA65D /* Project object */;
}
