// !$*UTF8*$!
{
	archiveVersion = 1;
	classes = {
	};
	objectVersion = 46;
	objects = {

/* Begin PBXBuildFile section */
		C02ED97D1A9D6F5A00535F5F /* main.m in Sources */ = {isa = PBXBuildFile; fileRef = C02ED97C1A9D6F5A00535F5F /* main.m */; };
		C02ED9801A9D6F5A00535F5F /* AppDelegate.m in Sources */ = {isa = PBXBuildFile; fileRef = C02ED97F1A9D6F5A00535F5F /* AppDelegate.m */; };
		C02ED9861A9D6F5A00535F5F /* Main.storyboard in Resources */ = {isa = PBXBuildFile; fileRef = C02ED9841A9D6F5A00535F5F /* Main.storyboard */; };
		C02ED9881A9D6F5A00535F5F /* Images.xcassets in Resources */ = {isa = PBXBuildFile; fileRef = C02ED9871A9D6F5A00535F5F /* Images.xcassets */; };
		C02ED98B1A9D6F5A00535F5F /* LaunchScreen.xib in Resources */ = {isa = PBXBuildFile; fileRef = C02ED9891A9D6F5A00535F5F /* LaunchScreen.xib */; };
		C02ED9971A9D6F5A00535F5F /* TableViewControllerSampleTests.m in Sources */ = {isa = PBXBuildFile; fileRef = C02ED9961A9D6F5A00535F5F /* TableViewControllerSampleTests.m */; };
		C02ED9A21A9D6FAF00535F5F /* SampleTableViewController.m in Sources */ = {isa = PBXBuildFile; fileRef = C02ED9A11A9D6FAF00535F5F /* SampleTableViewController.m */; };
/* End PBXBuildFile section */

/* Begin PBXContainerItemProxy section */
		C02ED9911A9D6F5A00535F5F /* PBXContainerItemProxy */ = {
			isa = PBXContainerItemProxy;
			containerPortal = C02ED96F1A9D6F5A00535F5F /* Project object */;
			proxyType = 1;
			remoteGlobalIDString = C02ED9761A9D6F5A00535F5F;
			remoteInfo = TableViewControllerSample;
		};
/* End PBXContainerItemProxy section */

/* Begin PBXFileReference section */
		C02ED9771A9D6F5A00535F5F /* TableViewControllerSample.app */ = {isa = PBXFileReference; explicitFileType = wrapper.application; includeInIndex = 0; path = TableViewControllerSample.app; sourceTree = BUILT_PRODUCTS_DIR; };
		C02ED97B1A9D6F5A00535F5F /* Info.plist */ = {isa = PBXFileReference; lastKnownFileType = text.plist.xml; path = Info.plist; sourceTree = "<group>"; };
		C02ED97C1A9D6F5A00535F5F /* main.m */ = {isa = PBXFileReference; lastKnownFileType = sourcecode.c.objc; path = main.m; sourceTree = "<group>"; };
		C02ED97E1A9D6F5A00535F5F /* AppDelegate.h */ = {isa = PBXFileReference; lastKnownFileType = sourcecode.c.h; path = AppDelegate.h; sourceTree = "<group>"; };
		C02ED97F1A9D6F5A00535F5F /* AppDelegate.m */ = {isa = PBXFileReference; lastKnownFileType = sourcecode.c.objc; path = AppDelegate.m; sourceTree = "<group>"; };
		C02ED9851A9D6F5A00535F5F /* Base */ = {isa = PBXFileReference; lastKnownFileType = file.storyboard; name = Base; path = Base.lproj/Main.storyboard; sourceTree = "<group>"; };
		C02ED9871A9D6F5A00535F5F /* Images.xcassets */ = {isa = PBXFileReference; lastKnownFileType = folder.assetcatalog; path = Images.xcassets; sourceTree = "<group>"; };
		C02ED98A1A9D6F5A00535F5F /* Base */ = {isa = PBXFileReference; lastKnownFileType = file.xib; name = Base; path = Base.lproj/LaunchScreen.xib; sourceTree = "<group>"; };
		C02ED9901A9D6F5A00535F5F /* TableViewControllerSampleTests.xctest */ = {isa = PBXFileReference; explicitFileType = wrapper.cfbundle; includeInIndex = 0; path = TableViewControllerSampleTests.xctest; sourceTree = BUILT_PRODUCTS_DIR; };
		C02ED9951A9D6F5A00535F5F /* Info.plist */ = {isa = PBXFileReference; lastKnownFileType = text.plist.xml; path = Info.plist; sourceTree = "<group>"; };
		C02ED9961A9D6F5A00535F5F /* TableViewControllerSampleTests.m */ = {isa = PBXFileReference; lastKnownFileType = sourcecode.c.objc; path = TableViewControllerSampleTests.m; sourceTree = "<group>"; };
		C02ED9A01A9D6FAF00535F5F /* SampleTableViewController.h */ = {isa = PBXFileReference; fileEncoding = 4; lastKnownFileType = sourcecode.c.h; path = SampleTableViewController.h; sourceTree = "<group>"; };
		C02ED9A11A9D6FAF00535F5F /* SampleTableViewController.m */ = {isa = PBXFileReference; fileEncoding = 4; lastKnownFileType = sourcecode.c.objc; path = SampleTableViewController.m; sourceTree = "<group>"; };
/* End PBXFileReference section */

/* Begin PBXFrameworksBuildPhase section */
		C02ED9741A9D6F5A00535F5F /* Frameworks */ = {
			isa = PBXFrameworksBuildPhase;
			buildActionMask = 2147483647;
			files = (
			);
			runOnlyForDeploymentPostprocessing = 0;
		};
		C02ED98D1A9D6F5A00535F5F /* Frameworks */ = {
			isa = PBXFrameworksBuildPhase;
			buildActionMask = 2147483647;
			files = (
			);
			runOnlyForDeploymentPostprocessing = 0;
		};
/* End PBXFrameworksBuildPhase section */

/* Begin PBXGroup section */
		C02ED96E1A9D6F5A00535F5F = {
			isa = PBXGroup;
			children = (
				C02ED9791A9D6F5A00535F5F /* TableViewControllerSample */,
				C02ED9931A9D6F5A00535F5F /* TableViewControllerSampleTests */,
				C02ED9781A9D6F5A00535F5F /* Products */,
			);
			sourceTree = "<group>";
		};
		C02ED9781A9D6F5A00535F5F /* Products */ = {
			isa = PBXGroup;
			children = (
				C02ED9771A9D6F5A00535F5F /* TableViewControllerSample.app */,
				C02ED9901A9D6F5A00535F5F /* TableViewControllerSampleTests.xctest */,
			);
			name = Products;
			sourceTree = "<group>";
		};
		C02ED9791A9D6F5A00535F5F /* TableViewControllerSample */ = {
			isa = PBXGroup;
			children = (
				C02ED97E1A9D6F5A00535F5F /* AppDelegate.h */,
				C02ED97F1A9D6F5A00535F5F /* AppDelegate.m */,
				C02ED9841A9D6F5A00535F5F /* Main.storyboard */,
				C02ED9871A9D6F5A00535F5F /* Images.xcassets */,
				C02ED9891A9D6F5A00535F5F /* LaunchScreen.xib */,
				C02ED97A1A9D6F5A00535F5F /* Supporting Files */,
				C02ED9A01A9D6FAF00535F5F /* SampleTableViewController.h */,
				C02ED9A11A9D6FAF00535F5F /* SampleTableViewController.m */,
			);
			path = TableViewControllerSample;
			sourceTree = "<group>";
		};
		C02ED97A1A9D6F5A00535F5F /* Supporting Files */ = {
			isa = PBXGroup;
			children = (
				C02ED97B1A9D6F5A00535F5F /* Info.plist */,
				C02ED97C1A9D6F5A00535F5F /* main.m */,
			);
			name = "Supporting Files";
			sourceTree = "<group>";
		};
		C02ED9931A9D6F5A00535F5F /* TableViewControllerSampleTests */ = {
			isa = PBXGroup;
			children = (
				C02ED9961A9D6F5A00535F5F /* TableViewControllerSampleTests.m */,
				C02ED9941A9D6F5A00535F5F /* Supporting Files */,
			);
			path = TableViewControllerSampleTests;
			sourceTree = "<group>";
		};
		C02ED9941A9D6F5A00535F5F /* Supporting Files */ = {
			isa = PBXGroup;
			children = (
				C02ED9951A9D6F5A00535F5F /* Info.plist */,
			);
			name = "Supporting Files";
			sourceTree = "<group>";
		};
/* End PBXGroup section */

/* Begin PBXNativeTarget section */
		C02ED9761A9D6F5A00535F5F /* TableViewControllerSample */ = {
			isa = PBXNativeTarget;
			buildConfigurationList = C02ED99A1A9D6F5A00535F5F /* Build configuration list for PBXNativeTarget "TableViewControllerSample" */;
			buildPhases = (
				C02ED9731A9D6F5A00535F5F /* Sources */,
				C02ED9741A9D6F5A00535F5F /* Frameworks */,
				C02ED9751A9D6F5A00535F5F /* Resources */,
			);
			buildRules = (
			);
			dependencies = (
			);
			name = TableViewControllerSample;
			productName = TableViewControllerSample;
			productReference = C02ED9771A9D6F5A00535F5F /* TableViewControllerSample.app */;
			productType = "com.apple.product-type.application";
		};
		C02ED98F1A9D6F5A00535F5F /* TableViewControllerSampleTests */ = {
			isa = PBXNativeTarget;
			buildConfigurationList = C02ED99D1A9D6F5A00535F5F /* Build configuration list for PBXNativeTarget "TableViewControllerSampleTests" */;
			buildPhases = (
				C02ED98C1A9D6F5A00535F5F /* Sources */,
				C02ED98D1A9D6F5A00535F5F /* Frameworks */,
				C02ED98E1A9D6F5A00535F5F /* Resources */,
			);
			buildRules = (
			);
			dependencies = (
				C02ED9921A9D6F5A00535F5F /* PBXTargetDependency */,
			);
			name = TableViewControllerSampleTests;
			productName = TableViewControllerSampleTests;
			productReference = C02ED9901A9D6F5A00535F5F /* TableViewControllerSampleTests.xctest */;
			productType = "com.apple.product-type.bundle.unit-test";
		};
/* End PBXNativeTarget section */

/* Begin PBXProject section */
		C02ED96F1A9D6F5A00535F5F /* Project object */ = {
			isa = PBXProject;
			attributes = {
				LastUpgradeCheck = 0610;
				ORGANIZATIONNAME = va034600;
				TargetAttributes = {
					C02ED9761A9D6F5A00535F5F = {
						CreatedOnToolsVersion = 6.1.1;
					};
					C02ED98F1A9D6F5A00535F5F = {
						CreatedOnToolsVersion = 6.1.1;
						TestTargetID = C02ED9761A9D6F5A00535F5F;
					};
				};
			};
			buildConfigurationList = C02ED9721A9D6F5A00535F5F /* Build configuration list for PBXProject "TableViewControllerSample" */;
			compatibilityVersion = "Xcode 3.2";
			developmentRegion = English;
			hasScannedForEncodings = 0;
			knownRegions = (
				en,
				Base,
			);
			mainGroup = C02ED96E1A9D6F5A00535F5F;
			productRefGroup = C02ED9781A9D6F5A00535F5F /* Products */;
			projectDirPath = "";
			projectRoot = "";
			targets = (
				C02ED9761A9D6F5A00535F5F /* TableViewControllerSample */,
				C02ED98F1A9D6F5A00535F5F /* TableViewControllerSampleTests */,
			);
		};
/* End PBXProject section */

/* Begin PBXResourcesBuildPhase section */
		C02ED9751A9D6F5A00535F5F /* Resources */ = {
			isa = PBXResourcesBuildPhase;
			buildActionMask = 2147483647;
			files = (
				C02ED9861A9D6F5A00535F5F /* Main.storyboard in Resources */,
				C02ED98B1A9D6F5A00535F5F /* LaunchScreen.xib in Resources */,
				C02ED9881A9D6F5A00535F5F /* Images.xcassets in Resources */,
			);
			runOnlyForDeploymentPostprocessing = 0;
		};
		C02ED98E1A9D6F5A00535F5F /* Resources */ = {
			isa = PBXResourcesBuildPhase;
			buildActionMask = 2147483647;
			files = (
			);
			runOnlyForDeploymentPostprocessing = 0;
		};
/* End PBXResourcesBuildPhase section */

/* Begin PBXSourcesBuildPhase section */
		C02ED9731A9D6F5A00535F5F /* Sources */ = {
			isa = PBXSourcesBuildPhase;
			buildActionMask = 2147483647;
			files = (
				C02ED9801A9D6F5A00535F5F /* AppDelegate.m in Sources */,
				C02ED97D1A9D6F5A00535F5F /* main.m in Sources */,
				C02ED9A21A9D6FAF00535F5F /* SampleTableViewController.m in Sources */,
			);
			runOnlyForDeploymentPostprocessing = 0;
		};
		C02ED98C1A9D6F5A00535F5F /* Sources */ = {
			isa = PBXSourcesBuildPhase;
			buildActionMask = 2147483647;
			files = (
				C02ED9971A9D6F5A00535F5F /* TableViewControllerSampleTests.m in Sources */,
			);
			runOnlyForDeploymentPostprocessing = 0;
		};
/* End PBXSourcesBuildPhase section */

/* Begin PBXTargetDependency section */
		C02ED9921A9D6F5A00535F5F /* PBXTargetDependency */ = {
			isa = PBXTargetDependency;
			target = C02ED9761A9D6F5A00535F5F /* TableViewControllerSample */;
			targetProxy = C02ED9911A9D6F5A00535F5F /* PBXContainerItemProxy */;
		};
/* End PBXTargetDependency section */

/* Begin PBXVariantGroup section */
		C02ED9841A9D6F5A00535F5F /* Main.storyboard */ = {
			isa = PBXVariantGroup;
			children = (
				C02ED9851A9D6F5A00535F5F /* Base */,
			);
			name = Main.storyboard;
			sourceTree = "<group>";
		};
		C02ED9891A9D6F5A00535F5F /* LaunchScreen.xib */ = {
			isa = PBXVariantGroup;
			children = (
				C02ED98A1A9D6F5A00535F5F /* Base */,
			);
			name = LaunchScreen.xib;
			sourceTree = "<group>";
		};
/* End PBXVariantGroup section */

/* Begin XCBuildConfiguration section */
		C02ED9981A9D6F5A00535F5F /* Debug */ = {
			isa = XCBuildConfiguration;
			buildSettings = {
				ALWAYS_SEARCH_USER_PATHS = NO;
				CLANG_CXX_LANGUAGE_STANDARD = "gnu++0x";
				CLANG_CXX_LIBRARY = "libc++";
				CLANG_ENABLE_MODULES = YES;
				CLANG_ENABLE_OBJC_ARC = YES;
				CLANG_WARN_BOOL_CONVERSION = YES;
				CLANG_WARN_CONSTANT_CONVERSION = YES;
				CLANG_WARN_DIRECT_OBJC_ISA_USAGE = YES_ERROR;
				CLANG_WARN_EMPTY_BODY = YES;
				CLANG_WARN_ENUM_CONVERSION = YES;
				CLANG_WARN_INT_CONVERSION = YES;
				CLANG_WARN_OBJC_ROOT_CLASS = YES_ERROR;
				CLANG_WARN_UNREACHABLE_CODE = YES;
				CLANG_WARN__DUPLICATE_METHOD_MATCH = YES;
				"CODE_SIGN_IDENTITY[sdk=iphoneos*]" = "iPhone Developer";
				COPY_PHASE_STRIP = NO;
				ENABLE_STRICT_OBJC_MSGSEND = YES;
				GCC_C_LANGUAGE_STANDARD = gnu99;
				GCC_DYNAMIC_NO_PIC = NO;
				GCC_OPTIMIZATION_LEVEL = 0;
				GCC_PREPROCESSOR_DEFINITIONS = (
					"DEBUG=1",
					"$(inherited)",
				);
				GCC_SYMBOLS_PRIVATE_EXTERN = NO;
				GCC_WARN_64_TO_32_BIT_CONVERSION = YES;
				GCC_WARN_ABOUT_RETURN_TYPE = YES_ERROR;
				GCC_WARN_UNDECLARED_SELECTOR = YES;
				GCC_WARN_UNINITIALIZED_AUTOS = YES_AGGRESSIVE;
				GCC_WARN_UNUSED_FUNCTION = YES;
				GCC_WARN_UNUSED_VARIABLE = YES;
				IPHONEOS_DEPLOYMENT_TARGET = 8.1;
				MTL_ENABLE_DEBUG_INFO = YES;
				ONLY_ACTIVE_ARCH = YES;
				SDKROOT = iphoneos;
				TARGETED_DEVICE_FAMILY = "1,2";
			};
			name = Debug;
		};
		C02ED9991A9D6F5A00535F5F /* Release */ = {
			isa = XCBuildConfiguration;
			buildSettings = {
				ALWAYS_SEARCH_USER_PATHS = NO;
				CLANG_CXX_LANGUAGE_STANDARD = "gnu++0x";
				CLANG_CXX_LIBRARY = "libc++";
				CLANG_ENABLE_MODULES = YES;
				CLANG_ENABLE_OBJC_ARC = YES;
				CLANG_WARN_BOOL_CONVERSION = YES;
				CLANG_WARN_CONSTANT_CONVERSION = YES;
				CLANG_WARN_DIRECT_OBJC_ISA_USAGE = YES_ERROR;
				CLANG_WARN_EMPTY_BODY = YES;
				CLANG_WARN_ENUM_CONVERSION = YES;
				CLANG_WARN_INT_CONVERSION = YES;
				CLANG_WARN_OBJC_ROOT_CLASS = YES_ERROR;
				CLANG_WARN_UNREACHABLE_CODE = YES;
				CLANG_WARN__DUPLICATE_METHOD_MATCH = YES;
				"CODE_SIGN_IDENTITY[sdk=iphoneos*]" = "iPhone Developer";
				COPY_PHASE_STRIP = YES;
				ENABLE_NS_ASSERTIONS = NO;
				ENABLE_STRICT_OBJC_MSGSEND = YES;
				GCC_C_LANGUAGE_STANDARD = gnu99;
				GCC_WARN_64_TO_32_BIT_CONVERSION = YES;
				GCC_WARN_ABOUT_RETURN_TYPE = YES_ERROR;
				GCC_WARN_UNDECLARED_SELECTOR = YES;
				GCC_WARN_UNINITIALIZED_AUTOS = YES_AGGRESSIVE;
				GCC_WARN_UNUSED_FUNCTION = YES;
				GCC_WARN_UNUSED_VARIABLE = YES;
				IPHONEOS_DEPLOYMENT_TARGET = 8.1;
				MTL_ENABLE_DEBUG_INFO = NO;
				SDKROOT = iphoneos;
				TARGETED_DEVICE_FAMILY = "1,2";
				VALIDATE_PRODUCT = YES;
			};
			name = Release;
		};
		C02ED99B1A9D6F5A00535F5F /* Debug */ = {
			isa = XCBuildConfiguration;
			buildSettings = {
				ASSETCATALOG_COMPILER_APPICON_NAME = AppIcon;
				INFOPLIST_FILE = TableViewControllerSample/Info.plist;
				LD_RUNPATH_SEARCH_PATHS = "$(inherited) @executable_path/Frameworks";
				PRODUCT_NAME = "$(TARGET_NAME)";
			};
			name = Debug;
		};
		C02ED99C1A9D6F5A00535F5F /* Release */ = {
			isa = XCBuildConfiguration;
			buildSettings = {
				ASSETCATALOG_COMPILER_APPICON_NAME = AppIcon;
				INFOPLIST_FILE = TableViewControllerSample/Info.plist;
				LD_RUNPATH_SEARCH_PATHS = "$(inherited) @executable_path/Frameworks";
				PRODUCT_NAME = "$(TARGET_NAME)";
			};
			name = Release;
		};
		C02ED99E1A9D6F5A00535F5F /* Debug */ = {
			isa = XCBuildConfiguration;
			buildSettings = {
				BUNDLE_LOADER = "$(TEST_HOST)";
				FRAMEWORK_SEARCH_PATHS = (
					"$(SDKROOT)/Developer/Library/Frameworks",
					"$(inherited)",
				);
				GCC_PREPROCESSOR_DEFINITIONS = (
					"DEBUG=1",
					"$(inherited)",
				);
				INFOPLIST_FILE = TableViewControllerSampleTests/Info.plist;
				LD_RUNPATH_SEARCH_PATHS = "$(inherited) @executable_path/Frameworks @loader_path/Frameworks";
				PRODUCT_NAME = "$(TARGET_NAME)";
				TEST_HOST = "$(BUILT_PRODUCTS_DIR)/TableViewControllerSample.app/TableViewControllerSample";
			};
			name = Debug;
		};
		C02ED99F1A9D6F5A00535F5F /* Release */ = {
			isa = XCBuildConfiguration;
			buildSettings = {
				BUNDLE_LOADER = "$(TEST_HOST)";
				FRAMEWORK_SEARCH_PATHS = (
					"$(SDKROOT)/Developer/Library/Frameworks",
					"$(inherited)",
				);
				INFOPLIST_FILE = TableViewControllerSampleTests/Info.plist;
				LD_RUNPATH_SEARCH_PATHS = "$(inherited) @executable_path/Frameworks @loader_path/Frameworks";
				PRODUCT_NAME = "$(TARGET_NAME)";
				TEST_HOST = "$(BUILT_PRODUCTS_DIR)/TableViewControllerSample.app/TableViewControllerSample";
			};
			name = Release;
		};
/* End XCBuildConfiguration section */

/* Begin XCConfigurationList section */
		C02ED9721A9D6F5A00535F5F /* Build configuration list for PBXProject "TableViewControllerSample" */ = {
			isa = XCConfigurationList;
			buildConfigurations = (
				C02ED9981A9D6F5A00535F5F /* Debug */,
				C02ED9991A9D6F5A00535F5F /* Release */,
			);
			defaultConfigurationIsVisible = 0;
			defaultConfigurationName = Release;
		};
		C02ED99A1A9D6F5A00535F5F /* Build configuration list for PBXNativeTarget "TableViewControllerSample" */ = {
			isa = XCConfigurationList;
			buildConfigurations = (
				C02ED99B1A9D6F5A00535F5F /* Debug */,
				C02ED99C1A9D6F5A00535F5F /* Release */,
			);
			defaultConfigurationIsVisible = 0;
			defaultConfigurationName = Release;
		};
		C02ED99D1A9D6F5A00535F5F /* Build configuration list for PBXNativeTarget "TableViewControllerSampleTests" */ = {
			isa = XCConfigurationList;
			buildConfigurations = (
				C02ED99E1A9D6F5A00535F5F /* Debug */,
				C02ED99F1A9D6F5A00535F5F /* Release */,
			);
			defaultConfigurationIsVisible = 0;
			defaultConfigurationName = Release;
		};
/* End XCConfigurationList section */
	};
	rootObject = C02ED96F1A9D6F5A00535F5F /* Project object */;
}
