// !$*UTF8*$!
{
	archiveVersion = 1;
	classes = {
	};
	objectVersion = 46;
	objects = {

/* Begin PBXBuildFile section */
		C0F1D34C1B34E97C00696DA9 /* main.m in Sources */ = {isa = PBXBuildFile; fileRef = C0F1D34B1B34E97C00696DA9 /* main.m */; };
		C0F1D34F1B34E97C00696DA9 /* AppDelegate.m in Sources */ = {isa = PBXBuildFile; fileRef = C0F1D34E1B34E97C00696DA9 /* AppDelegate.m */; };
		C0F1D3551B34E97C00696DA9 /* Main.storyboard in Resources */ = {isa = PBXBuildFile; fileRef = C0F1D3531B34E97C00696DA9 /* Main.storyboard */; };
		C0F1D3571B34E97C00696DA9 /* Images.xcassets in Resources */ = {isa = PBXBuildFile; fileRef = C0F1D3561B34E97C00696DA9 /* Images.xcassets */; };
		C0F1D35A1B34E97C00696DA9 /* LaunchScreen.xib in Resources */ = {isa = PBXBuildFile; fileRef = C0F1D3581B34E97C00696DA9 /* LaunchScreen.xib */; };
		C0F1D3661B34E97C00696DA9 /* CollectionViewSelectSampleTests.m in Sources */ = {isa = PBXBuildFile; fileRef = C0F1D3651B34E97C00696DA9 /* CollectionViewSelectSampleTests.m */; };
		C0F1D3711B34EA1600696DA9 /* CollectionViewController.m in Sources */ = {isa = PBXBuildFile; fileRef = C0F1D3701B34EA1600696DA9 /* CollectionViewController.m */; };
/* End PBXBuildFile section */

/* Begin PBXContainerItemProxy section */
		C0F1D3601B34E97C00696DA9 /* PBXContainerItemProxy */ = {
			isa = PBXContainerItemProxy;
			containerPortal = C0F1D33E1B34E97C00696DA9 /* Project object */;
			proxyType = 1;
			remoteGlobalIDString = C0F1D3451B34E97C00696DA9;
			remoteInfo = CollectionViewSelectSample;
		};
/* End PBXContainerItemProxy section */

/* Begin PBXFileReference section */
		C0F1D3461B34E97C00696DA9 /* CollectionViewSelectSample.app */ = {isa = PBXFileReference; explicitFileType = wrapper.application; includeInIndex = 0; path = CollectionViewSelectSample.app; sourceTree = BUILT_PRODUCTS_DIR; };
		C0F1D34A1B34E97C00696DA9 /* Info.plist */ = {isa = PBXFileReference; lastKnownFileType = text.plist.xml; path = Info.plist; sourceTree = "<group>"; };
		C0F1D34B1B34E97C00696DA9 /* main.m */ = {isa = PBXFileReference; lastKnownFileType = sourcecode.c.objc; path = main.m; sourceTree = "<group>"; };
		C0F1D34D1B34E97C00696DA9 /* AppDelegate.h */ = {isa = PBXFileReference; lastKnownFileType = sourcecode.c.h; path = AppDelegate.h; sourceTree = "<group>"; };
		C0F1D34E1B34E97C00696DA9 /* AppDelegate.m */ = {isa = PBXFileReference; lastKnownFileType = sourcecode.c.objc; path = AppDelegate.m; sourceTree = "<group>"; };
		C0F1D3541B34E97C00696DA9 /* Base */ = {isa = PBXFileReference; lastKnownFileType = file.storyboard; name = Base; path = Base.lproj/Main.storyboard; sourceTree = "<group>"; };
		C0F1D3561B34E97C00696DA9 /* Images.xcassets */ = {isa = PBXFileReference; lastKnownFileType = folder.assetcatalog; path = Images.xcassets; sourceTree = "<group>"; };
		C0F1D3591B34E97C00696DA9 /* Base */ = {isa = PBXFileReference; lastKnownFileType = file.xib; name = Base; path = Base.lproj/LaunchScreen.xib; sourceTree = "<group>"; };
		C0F1D35F1B34E97C00696DA9 /* CollectionViewSelectSampleTests.xctest */ = {isa = PBXFileReference; explicitFileType = wrapper.cfbundle; includeInIndex = 0; path = CollectionViewSelectSampleTests.xctest; sourceTree = BUILT_PRODUCTS_DIR; };
		C0F1D3641B34E97C00696DA9 /* Info.plist */ = {isa = PBXFileReference; lastKnownFileType = text.plist.xml; path = Info.plist; sourceTree = "<group>"; };
		C0F1D3651B34E97C00696DA9 /* CollectionViewSelectSampleTests.m */ = {isa = PBXFileReference; lastKnownFileType = sourcecode.c.objc; path = CollectionViewSelectSampleTests.m; sourceTree = "<group>"; };
		C0F1D36F1B34EA1600696DA9 /* CollectionViewController.h */ = {isa = PBXFileReference; fileEncoding = 4; lastKnownFileType = sourcecode.c.h; path = CollectionViewController.h; sourceTree = "<group>"; };
		C0F1D3701B34EA1600696DA9 /* CollectionViewController.m */ = {isa = PBXFileReference; fileEncoding = 4; lastKnownFileType = sourcecode.c.objc; path = CollectionViewController.m; sourceTree = "<group>"; };
/* End PBXFileReference section */

/* Begin PBXFrameworksBuildPhase section */
		C0F1D3431B34E97C00696DA9 /* Frameworks */ = {
			isa = PBXFrameworksBuildPhase;
			buildActionMask = 2147483647;
			files = (
			);
			runOnlyForDeploymentPostprocessing = 0;
		};
		C0F1D35C1B34E97C00696DA9 /* Frameworks */ = {
			isa = PBXFrameworksBuildPhase;
			buildActionMask = 2147483647;
			files = (
			);
			runOnlyForDeploymentPostprocessing = 0;
		};
/* End PBXFrameworksBuildPhase section */

/* Begin PBXGroup section */
		C0F1D33D1B34E97C00696DA9 = {
			isa = PBXGroup;
			children = (
				C0F1D3481B34E97C00696DA9 /* CollectionViewSelectSample */,
				C0F1D3621B34E97C00696DA9 /* CollectionViewSelectSampleTests */,
				C0F1D3471B34E97C00696DA9 /* Products */,
			);
			sourceTree = "<group>";
		};
		C0F1D3471B34E97C00696DA9 /* Products */ = {
			isa = PBXGroup;
			children = (
				C0F1D3461B34E97C00696DA9 /* CollectionViewSelectSample.app */,
				C0F1D35F1B34E97C00696DA9 /* CollectionViewSelectSampleTests.xctest */,
			);
			name = Products;
			sourceTree = "<group>";
		};
		C0F1D3481B34E97C00696DA9 /* CollectionViewSelectSample */ = {
			isa = PBXGroup;
			children = (
				C0F1D34D1B34E97C00696DA9 /* AppDelegate.h */,
				C0F1D34E1B34E97C00696DA9 /* AppDelegate.m */,
				C0F1D3531B34E97C00696DA9 /* Main.storyboard */,
				C0F1D3561B34E97C00696DA9 /* Images.xcassets */,
				C0F1D3581B34E97C00696DA9 /* LaunchScreen.xib */,
				C0F1D3491B34E97C00696DA9 /* Supporting Files */,
				C0F1D36F1B34EA1600696DA9 /* CollectionViewController.h */,
				C0F1D3701B34EA1600696DA9 /* CollectionViewController.m */,
			);
			path = CollectionViewSelectSample;
			sourceTree = "<group>";
		};
		C0F1D3491B34E97C00696DA9 /* Supporting Files */ = {
			isa = PBXGroup;
			children = (
				C0F1D34A1B34E97C00696DA9 /* Info.plist */,
				C0F1D34B1B34E97C00696DA9 /* main.m */,
			);
			name = "Supporting Files";
			sourceTree = "<group>";
		};
		C0F1D3621B34E97C00696DA9 /* CollectionViewSelectSampleTests */ = {
			isa = PBXGroup;
			children = (
				C0F1D3651B34E97C00696DA9 /* CollectionViewSelectSampleTests.m */,
				C0F1D3631B34E97C00696DA9 /* Supporting Files */,
			);
			path = CollectionViewSelectSampleTests;
			sourceTree = "<group>";
		};
		C0F1D3631B34E97C00696DA9 /* Supporting Files */ = {
			isa = PBXGroup;
			children = (
				C0F1D3641B34E97C00696DA9 /* Info.plist */,
			);
			name = "Supporting Files";
			sourceTree = "<group>";
		};
/* End PBXGroup section */

/* Begin PBXNativeTarget section */
		C0F1D3451B34E97C00696DA9 /* CollectionViewSelectSample */ = {
			isa = PBXNativeTarget;
			buildConfigurationList = C0F1D3691B34E97C00696DA9 /* Build configuration list for PBXNativeTarget "CollectionViewSelectSample" */;
			buildPhases = (
				C0F1D3421B34E97C00696DA9 /* Sources */,
				C0F1D3431B34E97C00696DA9 /* Frameworks */,
				C0F1D3441B34E97C00696DA9 /* Resources */,
			);
			buildRules = (
			);
			dependencies = (
			);
			name = CollectionViewSelectSample;
			productName = CollectionViewSelectSample;
			productReference = C0F1D3461B34E97C00696DA9 /* CollectionViewSelectSample.app */;
			productType = "com.apple.product-type.application";
		};
		C0F1D35E1B34E97C00696DA9 /* CollectionViewSelectSampleTests */ = {
			isa = PBXNativeTarget;
			buildConfigurationList = C0F1D36C1B34E97C00696DA9 /* Build configuration list for PBXNativeTarget "CollectionViewSelectSampleTests" */;
			buildPhases = (
				C0F1D35B1B34E97C00696DA9 /* Sources */,
				C0F1D35C1B34E97C00696DA9 /* Frameworks */,
				C0F1D35D1B34E97C00696DA9 /* Resources */,
			);
			buildRules = (
			);
			dependencies = (
				C0F1D3611B34E97C00696DA9 /* PBXTargetDependency */,
			);
			name = CollectionViewSelectSampleTests;
			productName = CollectionViewSelectSampleTests;
			productReference = C0F1D35F1B34E97C00696DA9 /* CollectionViewSelectSampleTests.xctest */;
			productType = "com.apple.product-type.bundle.unit-test";
		};
/* End PBXNativeTarget section */

/* Begin PBXProject section */
		C0F1D33E1B34E97C00696DA9 /* Project object */ = {
			isa = PBXProject;
			attributes = {
				LastUpgradeCheck = 0630;
				ORGANIZATIONNAME = va034600;
				TargetAttributes = {
					C0F1D3451B34E97C00696DA9 = {
						CreatedOnToolsVersion = 6.3.2;
					};
					C0F1D35E1B34E97C00696DA9 = {
						CreatedOnToolsVersion = 6.3.2;
						TestTargetID = C0F1D3451B34E97C00696DA9;
					};
				};
			};
			buildConfigurationList = C0F1D3411B34E97C00696DA9 /* Build configuration list for PBXProject "CollectionViewSelectSample" */;
			compatibilityVersion = "Xcode 3.2";
			developmentRegion = English;
			hasScannedForEncodings = 0;
			knownRegions = (
				en,
				Base,
			);
			mainGroup = C0F1D33D1B34E97C00696DA9;
			productRefGroup = C0F1D3471B34E97C00696DA9 /* Products */;
			projectDirPath = "";
			projectRoot = "";
			targets = (
				C0F1D3451B34E97C00696DA9 /* CollectionViewSelectSample */,
				C0F1D35E1B34E97C00696DA9 /* CollectionViewSelectSampleTests */,
			);
		};
/* End PBXProject section */

/* Begin PBXResourcesBuildPhase section */
		C0F1D3441B34E97C00696DA9 /* Resources */ = {
			isa = PBXResourcesBuildPhase;
			buildActionMask = 2147483647;
			files = (
				C0F1D3551B34E97C00696DA9 /* Main.storyboard in Resources */,
				C0F1D35A1B34E97C00696DA9 /* LaunchScreen.xib in Resources */,
				C0F1D3571B34E97C00696DA9 /* Images.xcassets in Resources */,
			);
			runOnlyForDeploymentPostprocessing = 0;
		};
		C0F1D35D1B34E97C00696DA9 /* Resources */ = {
			isa = PBXResourcesBuildPhase;
			buildActionMask = 2147483647;
			files = (
			);
			runOnlyForDeploymentPostprocessing = 0;
		};
/* End PBXResourcesBuildPhase section */

/* Begin PBXSourcesBuildPhase section */
		C0F1D3421B34E97C00696DA9 /* Sources */ = {
			isa = PBXSourcesBuildPhase;
			buildActionMask = 2147483647;
			files = (
				C0F1D34F1B34E97C00696DA9 /* AppDelegate.m in Sources */,
				C0F1D34C1B34E97C00696DA9 /* main.m in Sources */,
				C0F1D3711B34EA1600696DA9 /* CollectionViewController.m in Sources */,
			);
			runOnlyForDeploymentPostprocessing = 0;
		};
		C0F1D35B1B34E97C00696DA9 /* Sources */ = {
			isa = PBXSourcesBuildPhase;
			buildActionMask = 2147483647;
			files = (
				C0F1D3661B34E97C00696DA9 /* CollectionViewSelectSampleTests.m in Sources */,
			);
			runOnlyForDeploymentPostprocessing = 0;
		};
/* End PBXSourcesBuildPhase section */

/* Begin PBXTargetDependency section */
		C0F1D3611B34E97C00696DA9 /* PBXTargetDependency */ = {
			isa = PBXTargetDependency;
			target = C0F1D3451B34E97C00696DA9 /* CollectionViewSelectSample */;
			targetProxy = C0F1D3601B34E97C00696DA9 /* PBXContainerItemProxy */;
		};
/* End PBXTargetDependency section */

/* Begin PBXVariantGroup section */
		C0F1D3531B34E97C00696DA9 /* Main.storyboard */ = {
			isa = PBXVariantGroup;
			children = (
				C0F1D3541B34E97C00696DA9 /* Base */,
			);
			name = Main.storyboard;
			sourceTree = "<group>";
		};
		C0F1D3581B34E97C00696DA9 /* LaunchScreen.xib */ = {
			isa = PBXVariantGroup;
			children = (
				C0F1D3591B34E97C00696DA9 /* Base */,
			);
			name = LaunchScreen.xib;
			sourceTree = "<group>";
		};
/* End PBXVariantGroup section */

/* Begin XCBuildConfiguration section */
		C0F1D3671B34E97C00696DA9 /* Debug */ = {
			isa = XCBuildConfiguration;
			buildSettings = {
				ALWAYS_SEARCH_USER_PATHS = NO;
				CLANG_CXX_LANGUAGE_STANDARD = "gnu++0x";
				CLANG_CXX_LIBRARY = "libc++";
				CLANG_ENABLE_MODULES = YES;
				CLANG_ENABLE_OBJC_ARC = YES;
				CLANG_WARN_BOOL_CONVERSION = YES;
				CLANG_WARN_CONSTANT_CONVERSION = YES;
				CLANG_WARN_DIRECT_OBJC_ISA_USAGE = YES_ERROR;
				CLANG_WARN_EMPTY_BODY = YES;
				CLANG_WARN_ENUM_CONVERSION = YES;
				CLANG_WARN_INT_CONVERSION = YES;
				CLANG_WARN_OBJC_ROOT_CLASS = YES_ERROR;
				CLANG_WARN_UNREACHABLE_CODE = YES;
				CLANG_WARN__DUPLICATE_METHOD_MATCH = YES;
				"CODE_SIGN_IDENTITY[sdk=iphoneos*]" = "iPhone Developer";
				COPY_PHASE_STRIP = NO;
				DEBUG_INFORMATION_FORMAT = "dwarf-with-dsym";
				ENABLE_STRICT_OBJC_MSGSEND = YES;
				GCC_C_LANGUAGE_STANDARD = gnu99;
				GCC_DYNAMIC_NO_PIC = NO;
				GCC_NO_COMMON_BLOCKS = YES;
				GCC_OPTIMIZATION_LEVEL = 0;
				GCC_PREPROCESSOR_DEFINITIONS = (
					"DEBUG=1",
					"$(inherited)",
				);
				GCC_SYMBOLS_PRIVATE_EXTERN = NO;
				GCC_WARN_64_TO_32_BIT_CONVERSION = YES;
				GCC_WARN_ABOUT_RETURN_TYPE = YES_ERROR;
				GCC_WARN_UNDECLARED_SELECTOR = YES;
				GCC_WARN_UNINITIALIZED_AUTOS = YES_AGGRESSIVE;
				GCC_WARN_UNUSED_FUNCTION = YES;
				GCC_WARN_UNUSED_VARIABLE = YES;
				IPHONEOS_DEPLOYMENT_TARGET = 8.3;
				MTL_ENABLE_DEBUG_INFO = YES;
				ONLY_ACTIVE_ARCH = YES;
				SDKROOT = iphoneos;
				TARGETED_DEVICE_FAMILY = "1,2";
			};
			name = Debug;
		};
		C0F1D3681B34E97C00696DA9 /* Release */ = {
			isa = XCBuildConfiguration;
			buildSettings = {
				ALWAYS_SEARCH_USER_PATHS = NO;
				CLANG_CXX_LANGUAGE_STANDARD = "gnu++0x";
				CLANG_CXX_LIBRARY = "libc++";
				CLANG_ENABLE_MODULES = YES;
				CLANG_ENABLE_OBJC_ARC = YES;
				CLANG_WARN_BOOL_CONVERSION = YES;
				CLANG_WARN_CONSTANT_CONVERSION = YES;
				CLANG_WARN_DIRECT_OBJC_ISA_USAGE = YES_ERROR;
				CLANG_WARN_EMPTY_BODY = YES;
				CLANG_WARN_ENUM_CONVERSION = YES;
				CLANG_WARN_INT_CONVERSION = YES;
				CLANG_WARN_OBJC_ROOT_CLASS = YES_ERROR;
				CLANG_WARN_UNREACHABLE_CODE = YES;
				CLANG_WARN__DUPLICATE_METHOD_MATCH = YES;
				"CODE_SIGN_IDENTITY[sdk=iphoneos*]" = "iPhone Developer";
				COPY_PHASE_STRIP = NO;
				DEBUG_INFORMATION_FORMAT = "dwarf-with-dsym";
				ENABLE_NS_ASSERTIONS = NO;
				ENABLE_STRICT_OBJC_MSGSEND = YES;
				GCC_C_LANGUAGE_STANDARD = gnu99;
				GCC_NO_COMMON_BLOCKS = YES;
				GCC_WARN_64_TO_32_BIT_CONVERSION = YES;
				GCC_WARN_ABOUT_RETURN_TYPE = YES_ERROR;
				GCC_WARN_UNDECLARED_SELECTOR = YES;
				GCC_WARN_UNINITIALIZED_AUTOS = YES_AGGRESSIVE;
				GCC_WARN_UNUSED_FUNCTION = YES;
				GCC_WARN_UNUSED_VARIABLE = YES;
				IPHONEOS_DEPLOYMENT_TARGET = 8.3;
				MTL_ENABLE_DEBUG_INFO = NO;
				SDKROOT = iphoneos;
				TARGETED_DEVICE_FAMILY = "1,2";
				VALIDATE_PRODUCT = YES;
			};
			name = Release;
		};
		C0F1D36A1B34E97C00696DA9 /* Debug */ = {
			isa = XCBuildConfiguration;
			buildSettings = {
				ASSETCATALOG_COMPILER_APPICON_NAME = AppIcon;
				INFOPLIST_FILE = CollectionViewSelectSample/Info.plist;
				LD_RUNPATH_SEARCH_PATHS = "$(inherited) @executable_path/Frameworks";
				PRODUCT_NAME = "$(TARGET_NAME)";
			};
			name = Debug;
		};
		C0F1D36B1B34E97C00696DA9 /* Release */ = {
			isa = XCBuildConfiguration;
			buildSettings = {
				ASSETCATALOG_COMPILER_APPICON_NAME = AppIcon;
				INFOPLIST_FILE = CollectionViewSelectSample/Info.plist;
				LD_RUNPATH_SEARCH_PATHS = "$(inherited) @executable_path/Frameworks";
				PRODUCT_NAME = "$(TARGET_NAME)";
			};
			name = Release;
		};
		C0F1D36D1B34E97C00696DA9 /* Debug */ = {
			isa = XCBuildConfiguration;
			buildSettings = {
				BUNDLE_LOADER = "$(TEST_HOST)";
				FRAMEWORK_SEARCH_PATHS = (
					"$(SDKROOT)/Developer/Library/Frameworks",
					"$(inherited)",
				);
				GCC_PREPROCESSOR_DEFINITIONS = (
					"DEBUG=1",
					"$(inherited)",
				);
				INFOPLIST_FILE = CollectionViewSelectSampleTests/Info.plist;
				LD_RUNPATH_SEARCH_PATHS = "$(inherited) @executable_path/Frameworks @loader_path/Frameworks";
				PRODUCT_NAME = "$(TARGET_NAME)";
				TEST_HOST = "$(BUILT_PRODUCTS_DIR)/CollectionViewSelectSample.app/CollectionViewSelectSample";
			};
			name = Debug;
		};
		C0F1D36E1B34E97C00696DA9 /* Release */ = {
			isa = XCBuildConfiguration;
			buildSettings = {
				BUNDLE_LOADER = "$(TEST_HOST)";
				FRAMEWORK_SEARCH_PATHS = (
					"$(SDKROOT)/Developer/Library/Frameworks",
					"$(inherited)",
				);
				INFOPLIST_FILE = CollectionViewSelectSampleTests/Info.plist;
				LD_RUNPATH_SEARCH_PATHS = "$(inherited) @executable_path/Frameworks @loader_path/Frameworks";
				PRODUCT_NAME = "$(TARGET_NAME)";
				TEST_HOST = "$(BUILT_PRODUCTS_DIR)/CollectionViewSelectSample.app/CollectionViewSelectSample";
			};
			name = Release;
		};
/* End XCBuildConfiguration section */

/* Begin XCConfigurationList section */
		C0F1D3411B34E97C00696DA9 /* Build configuration list for PBXProject "CollectionViewSelectSample" */ = {
			isa = XCConfigurationList;
			buildConfigurations = (
				C0F1D3671B34E97C00696DA9 /* Debug */,
				C0F1D3681B34E97C00696DA9 /* Release */,
			);
			defaultConfigurationIsVisible = 0;
			defaultConfigurationName = Release;
		};
		C0F1D3691B34E97C00696DA9 /* Build configuration list for PBXNativeTarget "CollectionViewSelectSample" */ = {
			isa = XCConfigurationList;
			buildConfigurations = (
				C0F1D36A1B34E97C00696DA9 /* Debug */,
				C0F1D36B1B34E97C00696DA9 /* Release */,
			);
			defaultConfigurationIsVisible = 0;
		};
		C0F1D36C1B34E97C00696DA9 /* Build configuration list for PBXNativeTarget "CollectionViewSelectSampleTests" */ = {
			isa = XCConfigurationList;
			buildConfigurations = (
				C0F1D36D1B34E97C00696DA9 /* Debug */,
				C0F1D36E1B34E97C00696DA9 /* Release */,
			);
			defaultConfigurationIsVisible = 0;
		};
/* End XCConfigurationList section */
	};
	rootObject = C0F1D33E1B34E97C00696DA9 /* Project object */;
}
